// !$*UTF8*$!
{
	archiveVersion = 1;
	classes = {
	};
	objectVersion = 46;
	objects = {

/* Begin PBXBuildFile section */
		0C0AA8F31E52AAD1008B4B00 /* Nimble.framework in Frameworks */ = {isa = PBXBuildFile; fileRef = 0C1A95F21E4EC7E500B03F12 /* Nimble.framework */; };
		0C0AA8F41E52AAD1008B4B00 /* Quick.framework in Frameworks */ = {isa = PBXBuildFile; fileRef = 0C1A95F31E4EC7E500B03F12 /* Quick.framework */; };
		0C0AA8F61E52AAD1008B4B00 /* Cuckoo.framework in Frameworks */ = {isa = PBXBuildFile; fileRef = 0C0AA8F51E52AAD1008B4B00 /* Cuckoo.framework */; };
		0C0AA8F91E52AB83008B4B00 /* AccountTest.swift in Sources */ = {isa = PBXBuildFile; fileRef = 0C0AA8F81E52AB83008B4B00 /* AccountTest.swift */; };
		0C0AA8FE1E52B81B008B4B00 /* Account.dto.swift in Sources */ = {isa = PBXBuildFile; fileRef = 0C0AA8FD1E52B81B008B4B00 /* Account.dto.swift */; };
		0C0AA9011E52B892008B4B00 /* Account.model.swift in Sources */ = {isa = PBXBuildFile; fileRef = 0C0AA9001E52B892008B4B00 /* Account.model.swift */; };
		0C0AA9031E52E575008B4B00 /* GeneratedMocks.swift in Sources */ = {isa = PBXBuildFile; fileRef = 0C0AA9021E52E575008B4B00 /* GeneratedMocks.swift */; };
		0C1A95B21E4B0CAB00B03F12 /* AccountsTableViewController.swift in Sources */ = {isa = PBXBuildFile; fileRef = 0C1A95B11E4B0CAB00B03F12 /* AccountsTableViewController.swift */; };
		0C1A95B61E4B456200B03F12 /* Argo.framework in Frameworks */ = {isa = PBXBuildFile; fileRef = 0C1A95B51E4B456200B03F12 /* Argo.framework */; };
		0C1A95B81E4B518500B03F12 /* Runes.framework in Frameworks */ = {isa = PBXBuildFile; fileRef = 0C1A95B71E4B518500B03F12 /* Runes.framework */; };
		0C1A95BA1E4B5E5300B03F12 /* Curry.framework in Frameworks */ = {isa = PBXBuildFile; fileRef = 0C1A95B91E4B5E5300B03F12 /* Curry.framework */; };
		0C1A95C61E4D936D00B03F12 /* AccountDetailViewController.swift in Sources */ = {isa = PBXBuildFile; fileRef = 0C1A95C51E4D936D00B03F12 /* AccountDetailViewController.swift */; };
		0C1A95C81E4DF1AE00B03F12 /* Api.swift in Sources */ = {isa = PBXBuildFile; fileRef = 0C1A95C71E4DF1AE00B03F12 /* Api.swift */; };
		0C1A95CA1E4E01FC00B03F12 /* AuthPlugin.swift in Sources */ = {isa = PBXBuildFile; fileRef = 0C1A95C91E4E01FC00B03F12 /* AuthPlugin.swift */; };
		0C1A95CD1E4EC76100B03F12 /* Cartfile.private in Resources */ = {isa = PBXBuildFile; fileRef = 0C1A95CC1E4EC76100B03F12 /* Cartfile.private */; };
		0C5409451E5C7B9B004984CE /* Typhoon.framework in Frameworks */ = {isa = PBXBuildFile; fileRef = 0C5409441E5C7B9B004984CE /* Typhoon.framework */; };
		0C545FC71E486598004225E7 /* MeViewController.swift in Sources */ = {isa = PBXBuildFile; fileRef = 0C545FC61E486598004225E7 /* MeViewController.swift */; };
		0C545FC91E4869AC004225E7 /* Cartfile in Resources */ = {isa = PBXBuildFile; fileRef = 0C545FC81E4869AC004225E7 /* Cartfile */; };
		0C545FD01E48B052004225E7 /* FontAwesome.framework in Frameworks */ = {isa = PBXBuildFile; fileRef = 0C545FCE1E48AFB1004225E7 /* FontAwesome.framework */; };
		0C545FD21E48B18F004225E7 /* MainTabBarViewController.swift in Sources */ = {isa = PBXBuildFile; fileRef = 0C545FD11E48B18F004225E7 /* MainTabBarViewController.swift */; };
		0C545FD41E499FD0004225E7 /* LoginStyles.swift in Sources */ = {isa = PBXBuildFile; fileRef = 0C545FD31E499FD0004225E7 /* LoginStyles.swift */; };
		0C545FD61E49AEAA004225E7 /* ApiDefinition.swift in Sources */ = {isa = PBXBuildFile; fileRef = 0C545FD51E49AEAA004225E7 /* ApiDefinition.swift */; };
		0C545FD81E49BCA1004225E7 /* Moya.framework in Frameworks */ = {isa = PBXBuildFile; fileRef = 0C545FD71E49BCA1004225E7 /* Moya.framework */; };
		0C545FDA1E49CF75004225E7 /* Alamofire.framework in Frameworks */ = {isa = PBXBuildFile; fileRef = 0C545FD91E49CF75004225E7 /* Alamofire.framework */; };
		0C545FDC1E49DDB5004225E7 /* Result.framework in Frameworks */ = {isa = PBXBuildFile; fileRef = 0C545FDB1E49DDB5004225E7 /* Result.framework */; };
		0C9BE1801E481B580092439B /* Cely.framework in Frameworks */ = {isa = PBXBuildFile; fileRef = 0C9BE17E1E481B580092439B /* Cely.framework */; };
		0C9BE1811E481B580092439B /* Locksmith.framework in Frameworks */ = {isa = PBXBuildFile; fileRef = 0C9BE17F1E481B580092439B /* Locksmith.framework */; };
		0C9BE1841E481D000092439B /* User.swift in Sources */ = {isa = PBXBuildFile; fileRef = 0C9BE1831E481D000092439B /* User.swift */; };
		0CC744B81E2C6781007EC830 /* AppDelegate.swift in Sources */ = {isa = PBXBuildFile; fileRef = 0CC744B71E2C6781007EC830 /* AppDelegate.swift */; };
		0CC744BA1E2C6781007EC830 /* DashboardViewController.swift in Sources */ = {isa = PBXBuildFile; fileRef = 0CC744B91E2C6781007EC830 /* DashboardViewController.swift */; };
		0CC744BF1E2C6781007EC830 /* Main.storyboard in Resources */ = {isa = PBXBuildFile; fileRef = 0CC744BD1E2C6781007EC830 /* Main.storyboard */; };
		0CC744C11E2C6781007EC830 /* Assets.xcassets in Resources */ = {isa = PBXBuildFile; fileRef = 0CC744C01E2C6781007EC830 /* Assets.xcassets */; };
		0CC744C41E2C6781007EC830 /* LaunchScreen.storyboard in Resources */ = {isa = PBXBuildFile; fileRef = 0CC744C21E2C6781007EC830 /* LaunchScreen.storyboard */; };
		EBC6D92F1E3A9DBB80672EB7 /* Accounts.model.swift in Sources */ = {isa = PBXBuildFile; fileRef = EBC6DAB39A17406061B40971 /* Accounts.model.swift */; };
/* End PBXBuildFile section */

/* Begin PBXContainerItemProxy section */
		0C0AA8EE1E52AAAE008B4B00 /* PBXContainerItemProxy */ = {
			isa = PBXContainerItemProxy;
			containerPortal = 0CC744AC1E2C6781007EC830 /* Project object */;
			proxyType = 1;
			remoteGlobalIDString = 0CC744B31E2C6781007EC830;
			remoteInfo = bbuddy;
		};
/* End PBXContainerItemProxy section */

/* Begin PBXFileReference section */
		0C0AA8E91E52AAAE008B4B00 /* bbuddyTests.xctest */ = {isa = PBXFileReference; explicitFileType = wrapper.cfbundle; includeInIndex = 0; path = bbuddyTests.xctest; sourceTree = BUILT_PRODUCTS_DIR; };
		0C0AA8ED1E52AAAE008B4B00 /* Info.plist */ = {isa = PBXFileReference; lastKnownFileType = text.plist.xml; path = Info.plist; sourceTree = "<group>"; };
		0C0AA8F51E52AAD1008B4B00 /* Cuckoo.framework */ = {isa = PBXFileReference; lastKnownFileType = wrapper.framework; name = Cuckoo.framework; path = Carthage/Build/iOS/Cuckoo.framework; sourceTree = "<group>"; };
		0C0AA8F81E52AB83008B4B00 /* AccountTest.swift */ = {isa = PBXFileReference; fileEncoding = 4; lastKnownFileType = sourcecode.swift; path = AccountTest.swift; sourceTree = "<group>"; };
		0C0AA8FD1E52B81B008B4B00 /* Account.dto.swift */ = {isa = PBXFileReference; fileEncoding = 4; lastKnownFileType = sourcecode.swift; name = Account.dto.swift; path = DTO/Account.dto.swift; sourceTree = "<group>"; };
		0C0AA9001E52B892008B4B00 /* Account.model.swift */ = {isa = PBXFileReference; fileEncoding = 4; lastKnownFileType = sourcecode.swift; path = Account.model.swift; sourceTree = "<group>"; };
		0C0AA9021E52E575008B4B00 /* GeneratedMocks.swift */ = {isa = PBXFileReference; fileEncoding = 4; lastKnownFileType = sourcecode.swift; path = GeneratedMocks.swift; sourceTree = "<group>"; };
		0C1A95B11E4B0CAB00B03F12 /* AccountsTableViewController.swift */ = {isa = PBXFileReference; fileEncoding = 4; lastKnownFileType = sourcecode.swift; path = AccountsTableViewController.swift; sourceTree = "<group>"; };
		0C1A95B51E4B456200B03F12 /* Argo.framework */ = {isa = PBXFileReference; lastKnownFileType = wrapper.framework; name = Argo.framework; path = Carthage/Build/iOS/Argo.framework; sourceTree = "<group>"; };
		0C1A95B71E4B518500B03F12 /* Runes.framework */ = {isa = PBXFileReference; lastKnownFileType = wrapper.framework; name = Runes.framework; path = Carthage/Build/iOS/Runes.framework; sourceTree = "<group>"; };
		0C1A95B91E4B5E5300B03F12 /* Curry.framework */ = {isa = PBXFileReference; lastKnownFileType = wrapper.framework; name = Curry.framework; path = Carthage/Build/iOS/Curry.framework; sourceTree = "<group>"; };
		0C1A95C51E4D936D00B03F12 /* AccountDetailViewController.swift */ = {isa = PBXFileReference; fileEncoding = 4; lastKnownFileType = sourcecode.swift; path = AccountDetailViewController.swift; sourceTree = "<group>"; };
		0C1A95C71E4DF1AE00B03F12 /* Api.swift */ = {isa = PBXFileReference; fileEncoding = 4; lastKnownFileType = sourcecode.swift; path = Api.swift; sourceTree = "<group>"; };
		0C1A95C91E4E01FC00B03F12 /* AuthPlugin.swift */ = {isa = PBXFileReference; fileEncoding = 4; lastKnownFileType = sourcecode.swift; path = AuthPlugin.swift; sourceTree = "<group>"; };
		0C1A95CC1E4EC76100B03F12 /* Cartfile.private */ = {isa = PBXFileReference; fileEncoding = 4; lastKnownFileType = text; path = Cartfile.private; sourceTree = "<group>"; };
		0C1A95F21E4EC7E500B03F12 /* Nimble.framework */ = {isa = PBXFileReference; lastKnownFileType = wrapper.framework; name = Nimble.framework; path = Carthage/Build/iOS/Nimble.framework; sourceTree = "<group>"; };
		0C1A95F31E4EC7E500B03F12 /* Quick.framework */ = {isa = PBXFileReference; lastKnownFileType = wrapper.framework; name = Quick.framework; path = Carthage/Build/iOS/Quick.framework; sourceTree = "<group>"; };
		0C5409441E5C7B9B004984CE /* Typhoon.framework */ = {isa = PBXFileReference; lastKnownFileType = wrapper.framework; name = Typhoon.framework; path = Carthage/Build/iOS/Typhoon.framework; sourceTree = "<group>"; };
		0C545FC61E486598004225E7 /* MeViewController.swift */ = {isa = PBXFileReference; fileEncoding = 4; lastKnownFileType = sourcecode.swift; path = MeViewController.swift; sourceTree = "<group>"; };
		0C545FC81E4869AC004225E7 /* Cartfile */ = {isa = PBXFileReference; fileEncoding = 4; lastKnownFileType = text; path = Cartfile; sourceTree = "<group>"; };
		0C545FCE1E48AFB1004225E7 /* FontAwesome.framework */ = {isa = PBXFileReference; lastKnownFileType = wrapper.framework; name = FontAwesome.framework; path = Carthage/Build/iOS/FontAwesome.framework; sourceTree = "<group>"; };
		0C545FD11E48B18F004225E7 /* MainTabBarViewController.swift */ = {isa = PBXFileReference; fileEncoding = 4; lastKnownFileType = sourcecode.swift; path = MainTabBarViewController.swift; sourceTree = "<group>"; };
		0C545FD31E499FD0004225E7 /* LoginStyles.swift */ = {isa = PBXFileReference; fileEncoding = 4; lastKnownFileType = sourcecode.swift; path = LoginStyles.swift; sourceTree = "<group>"; };
		0C545FD51E49AEAA004225E7 /* ApiDefinition.swift */ = {isa = PBXFileReference; fileEncoding = 4; lastKnownFileType = sourcecode.swift; path = ApiDefinition.swift; sourceTree = "<group>"; };
		0C545FD71E49BCA1004225E7 /* Moya.framework */ = {isa = PBXFileReference; lastKnownFileType = wrapper.framework; name = Moya.framework; path = Carthage/Build/iOS/Moya.framework; sourceTree = "<group>"; };
		0C545FD91E49CF75004225E7 /* Alamofire.framework */ = {isa = PBXFileReference; lastKnownFileType = wrapper.framework; name = Alamofire.framework; path = Carthage/Build/iOS/Alamofire.framework; sourceTree = "<group>"; };
		0C545FDB1E49DDB5004225E7 /* Result.framework */ = {isa = PBXFileReference; lastKnownFileType = wrapper.framework; name = Result.framework; path = Carthage/Build/iOS/Result.framework; sourceTree = "<group>"; };
		0C9BE17E1E481B580092439B /* Cely.framework */ = {isa = PBXFileReference; lastKnownFileType = wrapper.framework; name = Cely.framework; path = Carthage/Build/iOS/Cely.framework; sourceTree = "<group>"; };
		0C9BE17F1E481B580092439B /* Locksmith.framework */ = {isa = PBXFileReference; lastKnownFileType = wrapper.framework; name = Locksmith.framework; path = Carthage/Build/iOS/Locksmith.framework; sourceTree = "<group>"; };
		0C9BE1831E481D000092439B /* User.swift */ = {isa = PBXFileReference; fileEncoding = 4; lastKnownFileType = sourcecode.swift; path = User.swift; sourceTree = "<group>"; };
		0CC744B41E2C6781007EC830 /* bbuddy.app */ = {isa = PBXFileReference; explicitFileType = wrapper.application; includeInIndex = 0; path = bbuddy.app; sourceTree = BUILT_PRODUCTS_DIR; };
		0CC744B71E2C6781007EC830 /* AppDelegate.swift */ = {isa = PBXFileReference; lastKnownFileType = sourcecode.swift; path = AppDelegate.swift; sourceTree = "<group>"; };
		0CC744B91E2C6781007EC830 /* DashboardViewController.swift */ = {isa = PBXFileReference; lastKnownFileType = sourcecode.swift; path = DashboardViewController.swift; sourceTree = "<group>"; };
		0CC744BE1E2C6781007EC830 /* Base */ = {isa = PBXFileReference; lastKnownFileType = file.storyboard; name = Base; path = Base.lproj/Main.storyboard; sourceTree = "<group>"; };
		0CC744C01E2C6781007EC830 /* Assets.xcassets */ = {isa = PBXFileReference; lastKnownFileType = folder.assetcatalog; path = Assets.xcassets; sourceTree = "<group>"; };
		0CC744C31E2C6781007EC830 /* Base */ = {isa = PBXFileReference; lastKnownFileType = file.storyboard; name = Base; path = Base.lproj/LaunchScreen.storyboard; sourceTree = "<group>"; };
		0CC744C51E2C6781007EC830 /* Info.plist */ = {isa = PBXFileReference; lastKnownFileType = text.plist.xml; path = Info.plist; sourceTree = "<group>"; };
		EBC6DAB39A17406061B40971 /* Accounts.model.swift */ = {isa = PBXFileReference; fileEncoding = 4; lastKnownFileType = sourcecode.swift; path = Accounts.model.swift; sourceTree = "<group>"; };
/* End PBXFileReference section */

/* Begin PBXFrameworksBuildPhase section */
		0C0AA8E61E52AAAE008B4B00 /* Frameworks */ = {
			isa = PBXFrameworksBuildPhase;
			buildActionMask = 2147483647;
			files = (
				0C0AA8F61E52AAD1008B4B00 /* Cuckoo.framework in Frameworks */,
				0C0AA8F31E52AAD1008B4B00 /* Nimble.framework in Frameworks */,
				0C0AA8F41E52AAD1008B4B00 /* Quick.framework in Frameworks */,
			);
			runOnlyForDeploymentPostprocessing = 0;
		};
		0CC744B11E2C6781007EC830 /* Frameworks */ = {
			isa = PBXFrameworksBuildPhase;
			buildActionMask = 2147483647;
			files = (
				0C9BE1801E481B580092439B /* Cely.framework in Frameworks */,
				0C9BE1811E481B580092439B /* Locksmith.framework in Frameworks */,
				0C545FD01E48B052004225E7 /* FontAwesome.framework in Frameworks */,
				0C545FD81E49BCA1004225E7 /* Moya.framework in Frameworks */,
				0C545FDA1E49CF75004225E7 /* Alamofire.framework in Frameworks */,
				0C545FDC1E49DDB5004225E7 /* Result.framework in Frameworks */,
				0C1A95B61E4B456200B03F12 /* Argo.framework in Frameworks */,
				0C1A95B81E4B518500B03F12 /* Runes.framework in Frameworks */,
				0C1A95BA1E4B5E5300B03F12 /* Curry.framework in Frameworks */,
				0C5409451E5C7B9B004984CE /* Typhoon.framework in Frameworks */,
			);
			runOnlyForDeploymentPostprocessing = 0;
		};
/* End PBXFrameworksBuildPhase section */

/* Begin PBXGroup section */
		0C0AA8EA1E52AAAE008B4B00 /* bbuddyTests */ = {
			isa = PBXGroup;
			children = (
				0C0AA8F81E52AB83008B4B00 /* AccountTest.swift */,
				0C0AA9021E52E575008B4B00 /* GeneratedMocks.swift */,
				0C0AA8ED1E52AAAE008B4B00 /* Info.plist */,
			);
			path = bbuddyTests;
			sourceTree = "<group>";
		};
		0C0AA8FC1E52B74A008B4B00 /* DTO */ = {
			isa = PBXGroup;
			children = (
				0C0AA8FD1E52B81B008B4B00 /* Account.dto.swift */,
			);
			name = DTO;
			sourceTree = "<group>";
		};
		0C0AA8FF1E52B87C008B4B00 /* Models */ = {
			isa = PBXGroup;
			children = (
				0C0AA9001E52B892008B4B00 /* Account.model.swift */,
				EBC6DAB39A17406061B40971 /* Accounts.model.swift */,
			);
			path = Models;
			sourceTree = "<group>";
		};
		0C9BE17D1E481B580092439B /* Frameworks */ = {
			isa = PBXGroup;
			children = (
				0C5409441E5C7B9B004984CE /* Typhoon.framework */,
				0C0AA8F51E52AAD1008B4B00 /* Cuckoo.framework */,
				0C1A95F21E4EC7E500B03F12 /* Nimble.framework */,
				0C1A95F31E4EC7E500B03F12 /* Quick.framework */,
				0C1A95B91E4B5E5300B03F12 /* Curry.framework */,
				0C1A95B71E4B518500B03F12 /* Runes.framework */,
				0C1A95B51E4B456200B03F12 /* Argo.framework */,
				0C545FDB1E49DDB5004225E7 /* Result.framework */,
				0C545FD91E49CF75004225E7 /* Alamofire.framework */,
				0C545FD71E49BCA1004225E7 /* Moya.framework */,
				0C545FCE1E48AFB1004225E7 /* FontAwesome.framework */,
				0C9BE17E1E481B580092439B /* Cely.framework */,
				0C9BE17F1E481B580092439B /* Locksmith.framework */,
			);
			name = Frameworks;
			sourceTree = "<group>";
		};
		0CC744AB1E2C6781007EC830 = {
			isa = PBXGroup;
			children = (
				0C1A95CC1E4EC76100B03F12 /* Cartfile.private */,
				0C545FC81E4869AC004225E7 /* Cartfile */,
				0CC744B61E2C6781007EC830 /* bbuddy */,
				0C0AA8EA1E52AAAE008B4B00 /* bbuddyTests */,
				0CC744B51E2C6781007EC830 /* Products */,
				0C9BE17D1E481B580092439B /* Frameworks */,
			);
			sourceTree = "<group>";
		};
		0CC744B51E2C6781007EC830 /* Products */ = {
			isa = PBXGroup;
			children = (
				0CC744B41E2C6781007EC830 /* bbuddy.app */,
				0C0AA8E91E52AAAE008B4B00 /* bbuddyTests.xctest */,
			);
			name = Products;
			sourceTree = "<group>";
		};
		0CC744B61E2C6781007EC830 /* bbuddy */ = {
			isa = PBXGroup;
			children = (
				0C0AA8FF1E52B87C008B4B00 /* Models */,
				0C0AA8FC1E52B74A008B4B00 /* DTO */,
				0CC744B71E2C6781007EC830 /* AppDelegate.swift */,
				0CC744B91E2C6781007EC830 /* DashboardViewController.swift */,
				0C545FD51E49AEAA004225E7 /* ApiDefinition.swift */,
				0C1A95C91E4E01FC00B03F12 /* AuthPlugin.swift */,
				0C1A95C71E4DF1AE00B03F12 /* Api.swift */,
				0CC744BD1E2C6781007EC830 /* Main.storyboard */,
				0C1A95C51E4D936D00B03F12 /* AccountDetailViewController.swift */,
				0C1A95B11E4B0CAB00B03F12 /* AccountsTableViewController.swift */,
				0C545FD31E499FD0004225E7 /* LoginStyles.swift */,
				0C545FD11E48B18F004225E7 /* MainTabBarViewController.swift */,
				0C545FC61E486598004225E7 /* MeViewController.swift */,
				0CC744C01E2C6781007EC830 /* Assets.xcassets */,
				0CC744C21E2C6781007EC830 /* LaunchScreen.storyboard */,
				0CC744C51E2C6781007EC830 /* Info.plist */,
				0C9BE1831E481D000092439B /* User.swift */,
			);
			path = bbuddy;
			sourceTree = "<group>";
		};
/* End PBXGroup section */

/* Begin PBXNativeTarget section */
		0C0AA8E81E52AAAE008B4B00 /* bbuddyTests */ = {
			isa = PBXNativeTarget;
			buildConfigurationList = 0C0AA8F21E52AAAE008B4B00 /* Build configuration list for PBXNativeTarget "bbuddyTests" */;
			buildPhases = (
				0C0AA8E51E52AAAE008B4B00 /* Sources */,
				0C0AA8E61E52AAAE008B4B00 /* Frameworks */,
				0C0AA8E71E52AAAE008B4B00 /* Resources */,
				0C0AA8F71E52AAD9008B4B00 /* ShellScript */,
			);
			buildRules = (
			);
			dependencies = (
				0C0AA8EF1E52AAAE008B4B00 /* PBXTargetDependency */,
			);
			name = bbuddyTests;
			productName = bbuddyTests;
			productReference = 0C0AA8E91E52AAAE008B4B00 /* bbuddyTests.xctest */;
			productType = "com.apple.product-type.bundle.unit-test";
		};
		0CC744B31E2C6781007EC830 /* bbuddy */ = {
			isa = PBXNativeTarget;
			buildConfigurationList = 0CC744C81E2C6781007EC830 /* Build configuration list for PBXNativeTarget "bbuddy" */;
			buildPhases = (
				0CC744B01E2C6781007EC830 /* Sources */,
				0CC744B11E2C6781007EC830 /* Frameworks */,
				0CC744B21E2C6781007EC830 /* Resources */,
				0C9BE1821E481C0B0092439B /* Run Script */,
			);
			buildRules = (
			);
			dependencies = (
			);
			name = bbuddy;
			productName = bbuddy;
			productReference = 0CC744B41E2C6781007EC830 /* bbuddy.app */;
			productType = "com.apple.product-type.application";
		};
/* End PBXNativeTarget section */

/* Begin PBXProject section */
		0CC744AC1E2C6781007EC830 /* Project object */ = {
			isa = PBXProject;
			attributes = {
				LastSwiftUpdateCheck = 0820;
				LastUpgradeCheck = 0820;
				ORGANIZATIONNAME = "odd-e";
				TargetAttributes = {
					0C0AA8E81E52AAAE008B4B00 = {
						CreatedOnToolsVersion = 8.2.1;
						ProvisioningStyle = Automatic;
						TestTargetID = 0CC744B31E2C6781007EC830;
					};
					0CC744B31E2C6781007EC830 = {
						CreatedOnToolsVersion = 8.2.1;
						ProvisioningStyle = Automatic;
					};
				};
			};
			buildConfigurationList = 0CC744AF1E2C6781007EC830 /* Build configuration list for PBXProject "bbuddy" */;
			compatibilityVersion = "Xcode 3.2";
			developmentRegion = English;
			hasScannedForEncodings = 0;
			knownRegions = (
				en,
				Base,
			);
			mainGroup = 0CC744AB1E2C6781007EC830;
			productRefGroup = 0CC744B51E2C6781007EC830 /* Products */;
			projectDirPath = "";
			projectRoot = "";
			targets = (
				0CC744B31E2C6781007EC830 /* bbuddy */,
				0C0AA8E81E52AAAE008B4B00 /* bbuddyTests */,
			);
		};
/* End PBXProject section */

/* Begin PBXResourcesBuildPhase section */
		0C0AA8E71E52AAAE008B4B00 /* Resources */ = {
			isa = PBXResourcesBuildPhase;
			buildActionMask = 2147483647;
			files = (
			);
			runOnlyForDeploymentPostprocessing = 0;
		};
		0CC744B21E2C6781007EC830 /* Resources */ = {
			isa = PBXResourcesBuildPhase;
			buildActionMask = 2147483647;
			files = (
				0CC744C41E2C6781007EC830 /* LaunchScreen.storyboard in Resources */,
				0CC744C11E2C6781007EC830 /* Assets.xcassets in Resources */,
				0C1A95CD1E4EC76100B03F12 /* Cartfile.private in Resources */,
				0C545FC91E4869AC004225E7 /* Cartfile in Resources */,
				0CC744BF1E2C6781007EC830 /* Main.storyboard in Resources */,
			);
			runOnlyForDeploymentPostprocessing = 0;
		};
/* End PBXResourcesBuildPhase section */

/* Begin PBXShellScriptBuildPhase section */
		0C0AA8F71E52AAD9008B4B00 /* ShellScript */ = {
			isa = PBXShellScriptBuildPhase;
			buildActionMask = 2147483647;
			files = (
			);
			inputPaths = (
			);
			outputPaths = (
			);
			runOnlyForDeploymentPostprocessing = 0;
			shellPath = /bin/sh;
			shellScript = "# Define output file. Change \"$PROJECT_DIR/Tests\" to your test's root source folder, if it's not the default name.\nOUTPUT_FILE=\"$PROJECT_DIR/bbuddyTests/GeneratedMocks.swift\"\necho \"Generated Mocks File = $OUTPUT_FILE\"\n\n# Define input directory. Change \"$PROJECT_DIR\" to your project's root source folder, if it's not the default name.\nINPUT_DIR=\"$PROJECT_DIR/bbuddy\"\necho \"Mocks Input Directory = $INPUT_DIR\"\n\n# Generate mock files, include as many input files as you'd like to create mocks for.\n${PROJECT_DIR}/Carthage/Checkouts/Cuckoo/run generate --testable \"$PROJECT_NAME\" \\\n--output \"${OUTPUT_FILE}\" \\\n\"$INPUT_DIR/Api.swift\"\n# ... and so forth\n\n# After running once, locate `GeneratedMocks.swift` and drag it into your Xcode test target group.";
		};
		0C9BE1821E481C0B0092439B /* Run Script */ = {
			isa = PBXShellScriptBuildPhase;
			buildActionMask = 2147483647;
			files = (
			);
			inputPaths = (
				"$(SRCROOT)/Carthage/Build/iOS/Cely.framework",
				"$(SRCROOT)/Carthage/Build/iOS/Locksmith.framework",
				"$(SRCROOT)/Carthage/Build/iOS/FontAwesome.framework",
				"$(SRCROOT)/Carthage/Build/iOS/Moya.framework",
				"$(SRCROOT)/Carthage/Build/iOS/Alamofire.framework",
				"$(SRCROOT)/Carthage/Build/iOS/Result.framework",
				"$(SRCROOT)/Carthage/Build/iOS/Argo.framework",
				"$(SRCROOT)/Carthage/Build/iOS/Runes.framework",
				"$(SRCROOT)/Carthage/Build/iOS/Curry.framework",
				"$(SRCROOT)/Carthage/Build/iOS/Quick.framework",
				"$(SRCROOT)/Carthage/Build/iOS/Nimble.framework",
				"$(SRCROOT)/Carthage/Build/iOS/Typhoon.framework",
			);
			name = "Run Script";
			outputPaths = (
			);
			runOnlyForDeploymentPostprocessing = 0;
			shellPath = /bin/sh;
			shellScript = "/usr/local/bin/carthage copy-frameworks";
		};
/* End PBXShellScriptBuildPhase section */

/* Begin PBXSourcesBuildPhase section */
		0C0AA8E51E52AAAE008B4B00 /* Sources */ = {
			isa = PBXSourcesBuildPhase;
			buildActionMask = 2147483647;
			files = (
				0C0AA9031E52E575008B4B00 /* GeneratedMocks.swift in Sources */,
				0C0AA8F91E52AB83008B4B00 /* AccountTest.swift in Sources */,
			);
			runOnlyForDeploymentPostprocessing = 0;
		};
		0CC744B01E2C6781007EC830 /* Sources */ = {
			isa = PBXSourcesBuildPhase;
			buildActionMask = 2147483647;
			files = (
				0C545FC71E486598004225E7 /* MeViewController.swift in Sources */,
				0C0AA9011E52B892008B4B00 /* Account.model.swift in Sources */,
				0C0AA8FE1E52B81B008B4B00 /* Account.dto.swift in Sources */,
				0C1A95C61E4D936D00B03F12 /* AccountDetailViewController.swift in Sources */,
				0C545FD41E499FD0004225E7 /* LoginStyles.swift in Sources */,
				0C9BE1841E481D000092439B /* User.swift in Sources */,
				0C1A95B21E4B0CAB00B03F12 /* AccountsTableViewController.swift in Sources */,
				0C1A95C81E4DF1AE00B03F12 /* Api.swift in Sources */,
				0C545FD21E48B18F004225E7 /* MainTabBarViewController.swift in Sources */,
				0C1A95CA1E4E01FC00B03F12 /* AuthPlugin.swift in Sources */,
				0CC744B81E2C6781007EC830 /* AppDelegate.swift in Sources */,
				0C545FD61E49AEAA004225E7 /* ApiDefinition.swift in Sources */,
				0CC744BA1E2C6781007EC830 /* DashboardViewController.swift in Sources */,
				EBC6D92F1E3A9DBB80672EB7 /* Accounts.model.swift in Sources */,
			);
			runOnlyForDeploymentPostprocessing = 0;
		};
/* End PBXSourcesBuildPhase section */

/* Begin PBXTargetDependency section */
		0C0AA8EF1E52AAAE008B4B00 /* PBXTargetDependency */ = {
			isa = PBXTargetDependency;
			target = 0CC744B31E2C6781007EC830 /* bbuddy */;
			targetProxy = 0C0AA8EE1E52AAAE008B4B00 /* PBXContainerItemProxy */;
		};
/* End PBXTargetDependency section */

/* Begin PBXVariantGroup section */
		0CC744BD1E2C6781007EC830 /* Main.storyboard */ = {
			isa = PBXVariantGroup;
			children = (
				0CC744BE1E2C6781007EC830 /* Base */,
			);
			name = Main.storyboard;
			sourceTree = "<group>";
		};
		0CC744C21E2C6781007EC830 /* LaunchScreen.storyboard */ = {
			isa = PBXVariantGroup;
			children = (
				0CC744C31E2C6781007EC830 /* Base */,
			);
			name = LaunchScreen.storyboard;
			sourceTree = "<group>";
		};
/* End PBXVariantGroup section */

/* Begin XCBuildConfiguration section */
		0C0AA8F01E52AAAE008B4B00 /* Debug */ = {
			isa = XCBuildConfiguration;
			buildSettings = {
				BUNDLE_LOADER = "$(TEST_HOST)";
				FRAMEWORK_SEARCH_PATHS = (
					"$(inherited)",
					"$(PROJECT_DIR)/Carthage/Build/iOS",
				);
				INFOPLIST_FILE = bbuddyTests/Info.plist;
				LD_RUNPATH_SEARCH_PATHS = "$(inherited) @executable_path/Frameworks @loader_path/Frameworks";
				PRODUCT_BUNDLE_IDENTIFIER = "Odd-e.bbuddyTests";
				PRODUCT_NAME = "$(TARGET_NAME)";
				SWIFT_VERSION = 3.0;
				TEST_HOST = "$(BUILT_PRODUCTS_DIR)/bbuddy.app/bbuddy";
			};
			name = Debug;
		};
		0C0AA8F11E52AAAE008B4B00 /* Release */ = {
			isa = XCBuildConfiguration;
			buildSettings = {
				BUNDLE_LOADER = "$(TEST_HOST)";
				FRAMEWORK_SEARCH_PATHS = (
					"$(inherited)",
					"$(PROJECT_DIR)/Carthage/Build/iOS",
				);
				INFOPLIST_FILE = bbuddyTests/Info.plist;
				LD_RUNPATH_SEARCH_PATHS = "$(inherited) @executable_path/Frameworks @loader_path/Frameworks";
				PRODUCT_BUNDLE_IDENTIFIER = "Odd-e.bbuddyTests";
				PRODUCT_NAME = "$(TARGET_NAME)";
				SWIFT_VERSION = 3.0;
				TEST_HOST = "$(BUILT_PRODUCTS_DIR)/bbuddy.app/bbuddy";
			};
			name = Release;
		};
		0CC744C61E2C6781007EC830 /* Debug */ = {
			isa = XCBuildConfiguration;
			buildSettings = {
				ALWAYS_SEARCH_USER_PATHS = NO;
				CLANG_ANALYZER_NONNULL = YES;
				CLANG_CXX_LANGUAGE_STANDARD = "gnu++0x";
				CLANG_CXX_LIBRARY = "libc++";
				CLANG_ENABLE_MODULES = YES;
				CLANG_ENABLE_OBJC_ARC = YES;
				CLANG_WARN_BOOL_CONVERSION = YES;
				CLANG_WARN_CONSTANT_CONVERSION = YES;
				CLANG_WARN_DIRECT_OBJC_ISA_USAGE = YES_ERROR;
				CLANG_WARN_DOCUMENTATION_COMMENTS = YES;
				CLANG_WARN_EMPTY_BODY = YES;
				CLANG_WARN_ENUM_CONVERSION = YES;
				CLANG_WARN_INFINITE_RECURSION = YES;
				CLANG_WARN_INT_CONVERSION = YES;
				CLANG_WARN_OBJC_ROOT_CLASS = YES_ERROR;
				CLANG_WARN_SUSPICIOUS_MOVE = YES;
				CLANG_WARN_UNREACHABLE_CODE = YES;
				CLANG_WARN__DUPLICATE_METHOD_MATCH = YES;
				"CODE_SIGN_IDENTITY[sdk=iphoneos*]" = "iPhone Developer";
				COPY_PHASE_STRIP = NO;
				DEBUG_INFORMATION_FORMAT = dwarf;
				DEFINES_MODULE = YES;
				ENABLE_STRICT_OBJC_MSGSEND = YES;
				ENABLE_TESTABILITY = YES;
				GCC_C_LANGUAGE_STANDARD = gnu99;
				GCC_DYNAMIC_NO_PIC = NO;
				GCC_NO_COMMON_BLOCKS = YES;
				GCC_OPTIMIZATION_LEVEL = 0;
				GCC_PREPROCESSOR_DEFINITIONS = (
					"DEBUG=1",
					"$(inherited)",
				);
				GCC_WARN_64_TO_32_BIT_CONVERSION = YES;
				GCC_WARN_ABOUT_RETURN_TYPE = YES_ERROR;
				GCC_WARN_UNDECLARED_SELECTOR = YES;
				GCC_WARN_UNINITIALIZED_AUTOS = YES_AGGRESSIVE;
				GCC_WARN_UNUSED_FUNCTION = YES;
				GCC_WARN_UNUSED_VARIABLE = YES;
				IPHONEOS_DEPLOYMENT_TARGET = 10.2;
				MTL_ENABLE_DEBUG_INFO = YES;
				ONLY_ACTIVE_ARCH = YES;
				SDKROOT = iphoneos;
				SWIFT_ACTIVE_COMPILATION_CONDITIONS = DEBUG;
				SWIFT_OPTIMIZATION_LEVEL = "-Onone";
				TARGETED_DEVICE_FAMILY = "1,2";
			};
			name = Debug;
		};
		0CC744C71E2C6781007EC830 /* Release */ = {
			isa = XCBuildConfiguration;
			buildSettings = {
				ALWAYS_SEARCH_USER_PATHS = NO;
				CLANG_ANALYZER_NONNULL = YES;
				CLANG_CXX_LANGUAGE_STANDARD = "gnu++0x";
				CLANG_CXX_LIBRARY = "libc++";
				CLANG_ENABLE_MODULES = YES;
				CLANG_ENABLE_OBJC_ARC = YES;
				CLANG_WARN_BOOL_CONVERSION = YES;
				CLANG_WARN_CONSTANT_CONVERSION = YES;
				CLANG_WARN_DIRECT_OBJC_ISA_USAGE = YES_ERROR;
				CLANG_WARN_DOCUMENTATION_COMMENTS = YES;
				CLANG_WARN_EMPTY_BODY = YES;
				CLANG_WARN_ENUM_CONVERSION = YES;
				CLANG_WARN_INFINITE_RECURSION = YES;
				CLANG_WARN_INT_CONVERSION = YES;
				CLANG_WARN_OBJC_ROOT_CLASS = YES_ERROR;
				CLANG_WARN_SUSPICIOUS_MOVE = YES;
				CLANG_WARN_UNREACHABLE_CODE = YES;
				CLANG_WARN__DUPLICATE_METHOD_MATCH = YES;
				"CODE_SIGN_IDENTITY[sdk=iphoneos*]" = "iPhone Developer";
				COPY_PHASE_STRIP = NO;
				DEBUG_INFORMATION_FORMAT = "dwarf-with-dsym";
				DEFINES_MODULE = YES;
				ENABLE_NS_ASSERTIONS = NO;
				ENABLE_STRICT_OBJC_MSGSEND = YES;
				GCC_C_LANGUAGE_STANDARD = gnu99;
				GCC_NO_COMMON_BLOCKS = YES;
				GCC_WARN_64_TO_32_BIT_CONVERSION = YES;
				GCC_WARN_ABOUT_RETURN_TYPE = YES_ERROR;
				GCC_WARN_UNDECLARED_SELECTOR = YES;
				GCC_WARN_UNINITIALIZED_AUTOS = YES_AGGRESSIVE;
				GCC_WARN_UNUSED_FUNCTION = YES;
				GCC_WARN_UNUSED_VARIABLE = YES;
				IPHONEOS_DEPLOYMENT_TARGET = 10.2;
				MTL_ENABLE_DEBUG_INFO = NO;
				SDKROOT = iphoneos;
				SWIFT_OPTIMIZATION_LEVEL = "-Owholemodule";
				TARGETED_DEVICE_FAMILY = "1,2";
				VALIDATE_PRODUCT = YES;
			};
			name = Release;
		};
		0CC744C91E2C6781007EC830 /* Debug */ = {
			isa = XCBuildConfiguration;
			buildSettings = {
				ASSETCATALOG_COMPILER_APPICON_NAME = AppIcon;
				FRAMEWORK_SEARCH_PATHS = (
					"$(inherited)",
					"$(PROJECT_DIR)/Carthage/Build/iOS",
				);
				INFOPLIST_FILE = bbuddy/Info.plist;
				LD_RUNPATH_SEARCH_PATHS = "$(inherited) @executable_path/Frameworks";
				PRODUCT_BUNDLE_IDENTIFIER = "odd-e.bbuddy";
				PRODUCT_NAME = "$(TARGET_NAME)";
				SWIFT_VERSION = 3.0;
			};
			name = Debug;
		};
		0CC744CA1E2C6781007EC830 /* Release */ = {
			isa = XCBuildConfiguration;
			buildSettings = {
				ASSETCATALOG_COMPILER_APPICON_NAME = AppIcon;
				FRAMEWORK_SEARCH_PATHS = (
					"$(inherited)",
					"$(PROJECT_DIR)/Carthage/Build/iOS",
				);
				INFOPLIST_FILE = bbuddy/Info.plist;
				LD_RUNPATH_SEARCH_PATHS = "$(inherited) @executable_path/Frameworks";
				PRODUCT_BUNDLE_IDENTIFIER = "odd-e.bbuddy";
				PRODUCT_NAME = "$(TARGET_NAME)";
				SWIFT_VERSION = 3.0;
			};
			name = Release;
		};
/* End XCBuildConfiguration section */

/* Begin XCConfigurationList section */
		0C0AA8F21E52AAAE008B4B00 /* Build configuration list for PBXNativeTarget "bbuddyTests" */ = {
			isa = XCConfigurationList;
			buildConfigurations = (
				0C0AA8F01E52AAAE008B4B00 /* Debug */,
				0C0AA8F11E52AAAE008B4B00 /* Release */,
			);
			defaultConfigurationIsVisible = 0;
			defaultConfigurationName = Release;
		};
		0CC744AF1E2C6781007EC830 /* Build configuration list for PBXProject "bbuddy" */ = {
			isa = XCConfigurationList;
			buildConfigurations = (
				0CC744C61E2C6781007EC830 /* Debug */,
				0CC744C71E2C6781007EC830 /* Release */,
			);
			defaultConfigurationIsVisible = 0;
			defaultConfigurationName = Release;
		};
		0CC744C81E2C6781007EC830 /* Build configuration list for PBXNativeTarget "bbuddy" */ = {
			isa = XCConfigurationList;
			buildConfigurations = (
				0CC744C91E2C6781007EC830 /* Debug */,
				0CC744CA1E2C6781007EC830 /* Release */,
			);
			defaultConfigurationIsVisible = 0;
			defaultConfigurationName = Release;
		};
/* End XCConfigurationList section */
	};
	rootObject = 0CC744AC1E2C6781007EC830 /* Project object */;
}
