<?xml version="1.0" encoding="UTF-8"?>
<!DOCTYPE plist PUBLIC "-//Apple//DTD PLIST 1.0//EN" "http://www.apple.com/DTDs/PropertyList-1.0.dtd">
<plist version="1.0">
<dict>
	<key>archiveVersion</key>
	<string>1</string>
	<key>classes</key>
	<dict/>
	<key>objectVersion</key>
	<string>46</string>
	<key>objects</key>
	<dict>
		<key>0C0AA8E51E52AAAE008B4B00</key>
		<dict>
			<key>buildActionMask</key>
			<string>2147483647</string>
			<key>files</key>
			<array>
				<string>0C0AA9031E52E575008B4B00</string>
				<string>0C0AA8F91E52AB83008B4B00</string>
			</array>
			<key>isa</key>
			<string>PBXSourcesBuildPhase</string>
			<key>runOnlyForDeploymentPostprocessing</key>
			<string>0</string>
		</dict>
		<key>0C0AA8E61E52AAAE008B4B00</key>
		<dict>
			<key>buildActionMask</key>
			<string>2147483647</string>
			<key>files</key>
			<array>
				<string>0C0AA8F61E52AAD1008B4B00</string>
				<string>0C0AA8F31E52AAD1008B4B00</string>
				<string>0C0AA8F41E52AAD1008B4B00</string>
			</array>
			<key>isa</key>
			<string>PBXFrameworksBuildPhase</string>
			<key>runOnlyForDeploymentPostprocessing</key>
			<string>0</string>
		</dict>
		<key>0C0AA8E71E52AAAE008B4B00</key>
		<dict>
			<key>buildActionMask</key>
			<string>2147483647</string>
			<key>files</key>
			<array/>
			<key>isa</key>
			<string>PBXResourcesBuildPhase</string>
			<key>runOnlyForDeploymentPostprocessing</key>
			<string>0</string>
		</dict>
		<key>0C0AA8E81E52AAAE008B4B00</key>
		<dict>
			<key>buildConfigurationList</key>
			<string>0C0AA8F21E52AAAE008B4B00</string>
			<key>buildPhases</key>
			<array>
				<string>0C0AA8E51E52AAAE008B4B00</string>
				<string>0C0AA8E61E52AAAE008B4B00</string>
				<string>0C0AA8E71E52AAAE008B4B00</string>
				<string>0C0AA8F71E52AAD9008B4B00</string>
			</array>
			<key>buildRules</key>
			<array/>
			<key>dependencies</key>
			<array>
				<string>0C0AA8EF1E52AAAE008B4B00</string>
			</array>
			<key>isa</key>
			<string>PBXNativeTarget</string>
			<key>name</key>
			<string>bbuddyTests</string>
			<key>productName</key>
			<string>bbuddyTests</string>
			<key>productReference</key>
			<string>0C0AA8E91E52AAAE008B4B00</string>
			<key>productType</key>
			<string>com.apple.product-type.bundle.unit-test</string>
		</dict>
		<key>0C0AA8E91E52AAAE008B4B00</key>
		<dict>
			<key>explicitFileType</key>
			<string>wrapper.cfbundle</string>
			<key>includeInIndex</key>
			<string>0</string>
			<key>isa</key>
			<string>PBXFileReference</string>
			<key>path</key>
			<string>bbuddyTests.xctest</string>
			<key>sourceTree</key>
			<string>BUILT_PRODUCTS_DIR</string>
		</dict>
		<key>0C0AA8EA1E52AAAE008B4B00</key>
		<dict>
			<key>children</key>
			<array>
				<string>0C0AA8F81E52AB83008B4B00</string>
				<string>0C0AA9021E52E575008B4B00</string>
				<string>0C0AA8ED1E52AAAE008B4B00</string>
			</array>
			<key>isa</key>
			<string>PBXGroup</string>
			<key>path</key>
			<string>bbuddyTests</string>
			<key>sourceTree</key>
			<string>&lt;group&gt;</string>
		</dict>
		<key>0C0AA8ED1E52AAAE008B4B00</key>
		<dict>
			<key>isa</key>
			<string>PBXFileReference</string>
			<key>lastKnownFileType</key>
			<string>text.plist.xml</string>
			<key>path</key>
			<string>Info.plist</string>
			<key>sourceTree</key>
			<string>&lt;group&gt;</string>
		</dict>
		<key>0C0AA8EE1E52AAAE008B4B00</key>
		<dict>
			<key>containerPortal</key>
			<string>0CC744AC1E2C6781007EC830</string>
			<key>isa</key>
			<string>PBXContainerItemProxy</string>
			<key>proxyType</key>
			<string>1</string>
			<key>remoteGlobalIDString</key>
			<string>0CC744B31E2C6781007EC830</string>
			<key>remoteInfo</key>
			<string>bbuddy</string>
		</dict>
		<key>0C0AA8EF1E52AAAE008B4B00</key>
		<dict>
			<key>isa</key>
			<string>PBXTargetDependency</string>
			<key>target</key>
			<string>0CC744B31E2C6781007EC830</string>
			<key>targetProxy</key>
			<string>0C0AA8EE1E52AAAE008B4B00</string>
		</dict>
		<key>0C0AA8F01E52AAAE008B4B00</key>
		<dict>
			<key>buildSettings</key>
			<dict>
				<key>BUNDLE_LOADER</key>
				<string>$(TEST_HOST)</string>
				<key>FRAMEWORK_SEARCH_PATHS</key>
				<array>
					<string>$(inherited)</string>
					<string>$(PROJECT_DIR)/Carthage/Build/iOS</string>
				</array>
				<key>INFOPLIST_FILE</key>
				<string>bbuddyTests/Info.plist</string>
				<key>LD_RUNPATH_SEARCH_PATHS</key>
				<string>$(inherited) @executable_path/Frameworks @loader_path/Frameworks</string>
				<key>PRODUCT_BUNDLE_IDENTIFIER</key>
				<string>Odd-e.bbuddyTests</string>
				<key>PRODUCT_NAME</key>
				<string>$(TARGET_NAME)</string>
				<key>SWIFT_VERSION</key>
				<string>3.0</string>
				<key>TEST_HOST</key>
				<string>$(BUILT_PRODUCTS_DIR)/bbuddy.app/bbuddy</string>
			</dict>
			<key>isa</key>
			<string>XCBuildConfiguration</string>
			<key>name</key>
			<string>Debug</string>
		</dict>
		<key>0C0AA8F11E52AAAE008B4B00</key>
		<dict>
			<key>buildSettings</key>
			<dict>
				<key>BUNDLE_LOADER</key>
				<string>$(TEST_HOST)</string>
				<key>FRAMEWORK_SEARCH_PATHS</key>
				<array>
					<string>$(inherited)</string>
					<string>$(PROJECT_DIR)/Carthage/Build/iOS</string>
				</array>
				<key>INFOPLIST_FILE</key>
				<string>bbuddyTests/Info.plist</string>
				<key>LD_RUNPATH_SEARCH_PATHS</key>
				<string>$(inherited) @executable_path/Frameworks @loader_path/Frameworks</string>
				<key>PRODUCT_BUNDLE_IDENTIFIER</key>
				<string>Odd-e.bbuddyTests</string>
				<key>PRODUCT_NAME</key>
				<string>$(TARGET_NAME)</string>
				<key>SWIFT_VERSION</key>
				<string>3.0</string>
				<key>TEST_HOST</key>
				<string>$(BUILT_PRODUCTS_DIR)/bbuddy.app/bbuddy</string>
			</dict>
			<key>isa</key>
			<string>XCBuildConfiguration</string>
			<key>name</key>
			<string>Release</string>
		</dict>
		<key>0C0AA8F21E52AAAE008B4B00</key>
		<dict>
			<key>buildConfigurations</key>
			<array>
				<string>0C0AA8F01E52AAAE008B4B00</string>
				<string>0C0AA8F11E52AAAE008B4B00</string>
			</array>
			<key>defaultConfigurationIsVisible</key>
			<string>0</string>
			<key>defaultConfigurationName</key>
			<string>Release</string>
			<key>isa</key>
			<string>XCConfigurationList</string>
		</dict>
		<key>0C0AA8F31E52AAD1008B4B00</key>
		<dict>
			<key>fileRef</key>
			<string>0C1A95F21E4EC7E500B03F12</string>
			<key>isa</key>
			<string>PBXBuildFile</string>
		</dict>
		<key>0C0AA8F41E52AAD1008B4B00</key>
		<dict>
			<key>fileRef</key>
			<string>0C1A95F31E4EC7E500B03F12</string>
			<key>isa</key>
			<string>PBXBuildFile</string>
		</dict>
		<key>0C0AA8F51E52AAD1008B4B00</key>
		<dict>
			<key>isa</key>
			<string>PBXFileReference</string>
			<key>lastKnownFileType</key>
			<string>wrapper.framework</string>
			<key>name</key>
			<string>Cuckoo.framework</string>
			<key>path</key>
			<string>Carthage/Build/iOS/Cuckoo.framework</string>
			<key>sourceTree</key>
			<string>&lt;group&gt;</string>
		</dict>
		<key>0C0AA8F61E52AAD1008B4B00</key>
		<dict>
			<key>fileRef</key>
			<string>0C0AA8F51E52AAD1008B4B00</string>
			<key>isa</key>
			<string>PBXBuildFile</string>
		</dict>
		<key>0C0AA8F71E52AAD9008B4B00</key>
		<dict>
			<key>buildActionMask</key>
			<string>2147483647</string>
			<key>files</key>
			<array/>
			<key>inputPaths</key>
			<array/>
			<key>isa</key>
			<string>PBXShellScriptBuildPhase</string>
			<key>outputPaths</key>
			<array/>
			<key>runOnlyForDeploymentPostprocessing</key>
			<string>0</string>
			<key>shellPath</key>
			<string>/bin/sh</string>
			<key>shellScript</key>
			<string># Define output file. Change "$PROJECT_DIR/Tests" to your test's root source folder, if it's not the default name.
OUTPUT_FILE="$PROJECT_DIR/bbuddyTests/GeneratedMocks.swift"
echo "Generated Mocks File = $OUTPUT_FILE"

# Define input directory. Change "$PROJECT_DIR" to your project's root source folder, if it's not the default name.
INPUT_DIR="$PROJECT_DIR/bbuddy"
echo "Mocks Input Directory = $INPUT_DIR"

# Generate mock files, include as many input files as you'd like to create mocks for.
${PROJECT_DIR}/Carthage/Checkouts/Cuckoo/run generate --testable "$PROJECT_NAME" \
--output "${OUTPUT_FILE}" \
"$INPUT_DIR/Api.swift"
# ... and so forth

# After running once, locate `GeneratedMocks.swift` and drag it into your Xcode test target group.</string>
		</dict>
		<key>0C0AA8F81E52AB83008B4B00</key>
		<dict>
			<key>fileEncoding</key>
			<string>4</string>
			<key>isa</key>
			<string>PBXFileReference</string>
			<key>lastKnownFileType</key>
			<string>sourcecode.swift</string>
			<key>path</key>
			<string>AccountTest.swift</string>
			<key>sourceTree</key>
			<string>&lt;group&gt;</string>
		</dict>
		<key>0C0AA8F91E52AB83008B4B00</key>
		<dict>
			<key>fileRef</key>
			<string>0C0AA8F81E52AB83008B4B00</string>
			<key>isa</key>
			<string>PBXBuildFile</string>
		</dict>
		<key>0C0AA8FC1E52B74A008B4B00</key>
		<dict>
			<key>children</key>
			<array>
				<string>0C0AA8FD1E52B81B008B4B00</string>
			</array>
			<key>isa</key>
			<string>PBXGroup</string>
			<key>name</key>
			<string>DTO</string>
			<key>sourceTree</key>
			<string>&lt;group&gt;</string>
		</dict>
		<key>0C0AA8FD1E52B81B008B4B00</key>
		<dict>
			<key>fileEncoding</key>
			<string>4</string>
			<key>isa</key>
			<string>PBXFileReference</string>
			<key>lastKnownFileType</key>
			<string>sourcecode.swift</string>
			<key>name</key>
			<string>Account.dto.swift</string>
			<key>path</key>
			<string>DTO/Account.dto.swift</string>
			<key>sourceTree</key>
			<string>&lt;group&gt;</string>
		</dict>
		<key>0C0AA8FE1E52B81B008B4B00</key>
		<dict>
			<key>fileRef</key>
			<string>0C0AA8FD1E52B81B008B4B00</string>
			<key>isa</key>
			<string>PBXBuildFile</string>
		</dict>
		<key>0C0AA8FF1E52B87C008B4B00</key>
		<dict>
			<key>children</key>
			<array>
				<string>0C0AA9001E52B892008B4B00</string>
				<string>EBC6DAB39A17406061B40971</string>
			</array>
			<key>isa</key>
			<string>PBXGroup</string>
			<key>path</key>
			<string>Models</string>
			<key>sourceTree</key>
			<string>&lt;group&gt;</string>
		</dict>
		<key>0C0AA9001E52B892008B4B00</key>
		<dict>
			<key>fileEncoding</key>
			<string>4</string>
			<key>isa</key>
			<string>PBXFileReference</string>
			<key>lastKnownFileType</key>
			<string>sourcecode.swift</string>
			<key>path</key>
			<string>Account.model.swift</string>
			<key>sourceTree</key>
			<string>&lt;group&gt;</string>
		</dict>
		<key>0C0AA9011E52B892008B4B00</key>
		<dict>
			<key>fileRef</key>
			<string>0C0AA9001E52B892008B4B00</string>
			<key>isa</key>
			<string>PBXBuildFile</string>
		</dict>
		<key>0C0AA9021E52E575008B4B00</key>
		<dict>
			<key>fileEncoding</key>
			<string>4</string>
			<key>isa</key>
			<string>PBXFileReference</string>
			<key>lastKnownFileType</key>
			<string>sourcecode.swift</string>
			<key>path</key>
			<string>GeneratedMocks.swift</string>
			<key>sourceTree</key>
			<string>&lt;group&gt;</string>
		</dict>
		<key>0C0AA9031E52E575008B4B00</key>
		<dict>
			<key>fileRef</key>
			<string>0C0AA9021E52E575008B4B00</string>
			<key>isa</key>
			<string>PBXBuildFile</string>
		</dict>
		<key>0C1A95B11E4B0CAB00B03F12</key>
		<dict>
			<key>fileEncoding</key>
			<string>4</string>
			<key>isa</key>
			<string>PBXFileReference</string>
			<key>lastKnownFileType</key>
			<string>sourcecode.swift</string>
			<key>path</key>
			<string>AccountsTableViewController.swift</string>
			<key>sourceTree</key>
			<string>&lt;group&gt;</string>
		</dict>
		<key>0C1A95B21E4B0CAB00B03F12</key>
		<dict>
			<key>fileRef</key>
			<string>0C1A95B11E4B0CAB00B03F12</string>
			<key>isa</key>
			<string>PBXBuildFile</string>
		</dict>
		<key>0C1A95B51E4B456200B03F12</key>
		<dict>
			<key>isa</key>
			<string>PBXFileReference</string>
			<key>lastKnownFileType</key>
			<string>wrapper.framework</string>
			<key>name</key>
			<string>Argo.framework</string>
			<key>path</key>
			<string>Carthage/Build/iOS/Argo.framework</string>
			<key>sourceTree</key>
			<string>&lt;group&gt;</string>
		</dict>
		<key>0C1A95B61E4B456200B03F12</key>
		<dict>
			<key>fileRef</key>
			<string>0C1A95B51E4B456200B03F12</string>
			<key>isa</key>
			<string>PBXBuildFile</string>
		</dict>
		<key>0C1A95B71E4B518500B03F12</key>
		<dict>
			<key>isa</key>
			<string>PBXFileReference</string>
			<key>lastKnownFileType</key>
			<string>wrapper.framework</string>
			<key>name</key>
			<string>Runes.framework</string>
			<key>path</key>
			<string>Carthage/Build/iOS/Runes.framework</string>
			<key>sourceTree</key>
			<string>&lt;group&gt;</string>
		</dict>
		<key>0C1A95B81E4B518500B03F12</key>
		<dict>
			<key>fileRef</key>
			<string>0C1A95B71E4B518500B03F12</string>
			<key>isa</key>
			<string>PBXBuildFile</string>
		</dict>
		<key>0C1A95B91E4B5E5300B03F12</key>
		<dict>
			<key>isa</key>
			<string>PBXFileReference</string>
			<key>lastKnownFileType</key>
			<string>wrapper.framework</string>
			<key>name</key>
			<string>Curry.framework</string>
			<key>path</key>
			<string>Carthage/Build/iOS/Curry.framework</string>
			<key>sourceTree</key>
			<string>&lt;group&gt;</string>
		</dict>
		<key>0C1A95BA1E4B5E5300B03F12</key>
		<dict>
			<key>fileRef</key>
			<string>0C1A95B91E4B5E5300B03F12</string>
			<key>isa</key>
			<string>PBXBuildFile</string>
		</dict>
		<key>0C1A95C51E4D936D00B03F12</key>
		<dict>
			<key>fileEncoding</key>
			<string>4</string>
			<key>isa</key>
			<string>PBXFileReference</string>
			<key>lastKnownFileType</key>
			<string>sourcecode.swift</string>
			<key>path</key>
			<string>AccountDetailViewController.swift</string>
			<key>sourceTree</key>
			<string>&lt;group&gt;</string>
		</dict>
		<key>0C1A95C61E4D936D00B03F12</key>
		<dict>
			<key>fileRef</key>
			<string>0C1A95C51E4D936D00B03F12</string>
			<key>isa</key>
			<string>PBXBuildFile</string>
		</dict>
		<key>0C1A95C71E4DF1AE00B03F12</key>
		<dict>
			<key>fileEncoding</key>
			<string>4</string>
			<key>isa</key>
			<string>PBXFileReference</string>
			<key>lastKnownFileType</key>
			<string>sourcecode.swift</string>
			<key>path</key>
			<string>Api.swift</string>
			<key>sourceTree</key>
			<string>&lt;group&gt;</string>
		</dict>
		<key>0C1A95C81E4DF1AE00B03F12</key>
		<dict>
			<key>fileRef</key>
			<string>0C1A95C71E4DF1AE00B03F12</string>
			<key>isa</key>
			<string>PBXBuildFile</string>
		</dict>
		<key>0C1A95C91E4E01FC00B03F12</key>
		<dict>
			<key>fileEncoding</key>
			<string>4</string>
			<key>isa</key>
			<string>PBXFileReference</string>
			<key>lastKnownFileType</key>
			<string>sourcecode.swift</string>
			<key>path</key>
			<string>AuthPlugin.swift</string>
			<key>sourceTree</key>
			<string>&lt;group&gt;</string>
		</dict>
		<key>0C1A95CA1E4E01FC00B03F12</key>
		<dict>
			<key>fileRef</key>
			<string>0C1A95C91E4E01FC00B03F12</string>
			<key>isa</key>
			<string>PBXBuildFile</string>
		</dict>
		<key>0C1A95CC1E4EC76100B03F12</key>
		<dict>
			<key>fileEncoding</key>
			<string>4</string>
			<key>isa</key>
			<string>PBXFileReference</string>
			<key>lastKnownFileType</key>
			<string>text</string>
			<key>path</key>
			<string>Cartfile.private</string>
			<key>sourceTree</key>
			<string>&lt;group&gt;</string>
		</dict>
		<key>0C1A95CD1E4EC76100B03F12</key>
		<dict>
			<key>fileRef</key>
			<string>0C1A95CC1E4EC76100B03F12</string>
			<key>isa</key>
			<string>PBXBuildFile</string>
		</dict>
		<key>0C1A95F21E4EC7E500B03F12</key>
		<dict>
			<key>isa</key>
			<string>PBXFileReference</string>
			<key>lastKnownFileType</key>
			<string>wrapper.framework</string>
			<key>name</key>
			<string>Nimble.framework</string>
			<key>path</key>
			<string>Carthage/Build/iOS/Nimble.framework</string>
			<key>sourceTree</key>
			<string>&lt;group&gt;</string>
		</dict>
		<key>0C1A95F31E4EC7E500B03F12</key>
		<dict>
			<key>isa</key>
			<string>PBXFileReference</string>
			<key>lastKnownFileType</key>
			<string>wrapper.framework</string>
			<key>name</key>
			<string>Quick.framework</string>
			<key>path</key>
			<string>Carthage/Build/iOS/Quick.framework</string>
			<key>sourceTree</key>
			<string>&lt;group&gt;</string>
		</dict>
		<key>0C5409441E5C7B9B004984CE</key>
		<dict>
			<key>isa</key>
			<string>PBXFileReference</string>
			<key>lastKnownFileType</key>
			<string>wrapper.framework</string>
			<key>name</key>
			<string>Typhoon.framework</string>
			<key>path</key>
			<string>Carthage/Build/iOS/Typhoon.framework</string>
			<key>sourceTree</key>
			<string>&lt;group&gt;</string>
		</dict>
		<key>0C5409451E5C7B9B004984CE</key>
		<dict>
			<key>fileRef</key>
			<string>0C5409441E5C7B9B004984CE</string>
			<key>isa</key>
			<string>PBXBuildFile</string>
		</dict>
		<key>0C545FC61E486598004225E7</key>
		<dict>
			<key>fileEncoding</key>
			<string>4</string>
			<key>isa</key>
			<string>PBXFileReference</string>
			<key>lastKnownFileType</key>
			<string>sourcecode.swift</string>
			<key>path</key>
			<string>MeViewController.swift</string>
			<key>sourceTree</key>
			<string>&lt;group&gt;</string>
		</dict>
		<key>0C545FC71E486598004225E7</key>
		<dict>
			<key>fileRef</key>
			<string>0C545FC61E486598004225E7</string>
			<key>isa</key>
			<string>PBXBuildFile</string>
		</dict>
		<key>0C545FC81E4869AC004225E7</key>
		<dict>
			<key>fileEncoding</key>
			<string>4</string>
			<key>isa</key>
			<string>PBXFileReference</string>
			<key>lastKnownFileType</key>
			<string>text</string>
			<key>path</key>
			<string>Cartfile</string>
			<key>sourceTree</key>
			<string>&lt;group&gt;</string>
		</dict>
		<key>0C545FC91E4869AC004225E7</key>
		<dict>
			<key>fileRef</key>
			<string>0C545FC81E4869AC004225E7</string>
			<key>isa</key>
			<string>PBXBuildFile</string>
		</dict>
		<key>0C545FCE1E48AFB1004225E7</key>
		<dict>
			<key>isa</key>
			<string>PBXFileReference</string>
			<key>lastKnownFileType</key>
			<string>wrapper.framework</string>
			<key>name</key>
			<string>FontAwesome.framework</string>
			<key>path</key>
			<string>Carthage/Build/iOS/FontAwesome.framework</string>
			<key>sourceTree</key>
			<string>&lt;group&gt;</string>
		</dict>
		<key>0C545FD01E48B052004225E7</key>
		<dict>
			<key>fileRef</key>
			<string>0C545FCE1E48AFB1004225E7</string>
			<key>isa</key>
			<string>PBXBuildFile</string>
		</dict>
		<key>0C545FD11E48B18F004225E7</key>
		<dict>
			<key>fileEncoding</key>
			<string>4</string>
			<key>isa</key>
			<string>PBXFileReference</string>
			<key>lastKnownFileType</key>
			<string>sourcecode.swift</string>
			<key>path</key>
			<string>MainTabBarViewController.swift</string>
			<key>sourceTree</key>
			<string>&lt;group&gt;</string>
		</dict>
		<key>0C545FD21E48B18F004225E7</key>
		<dict>
			<key>fileRef</key>
			<string>0C545FD11E48B18F004225E7</string>
			<key>isa</key>
			<string>PBXBuildFile</string>
		</dict>
		<key>0C545FD31E499FD0004225E7</key>
		<dict>
			<key>fileEncoding</key>
			<string>4</string>
			<key>isa</key>
			<string>PBXFileReference</string>
			<key>lastKnownFileType</key>
			<string>sourcecode.swift</string>
			<key>path</key>
			<string>LoginStyles.swift</string>
			<key>sourceTree</key>
			<string>&lt;group&gt;</string>
		</dict>
		<key>0C545FD41E499FD0004225E7</key>
		<dict>
			<key>fileRef</key>
			<string>0C545FD31E499FD0004225E7</string>
			<key>isa</key>
			<string>PBXBuildFile</string>
		</dict>
		<key>0C545FD51E49AEAA004225E7</key>
		<dict>
			<key>fileEncoding</key>
			<string>4</string>
			<key>isa</key>
			<string>PBXFileReference</string>
			<key>lastKnownFileType</key>
			<string>sourcecode.swift</string>
			<key>path</key>
			<string>ApiDefinition.swift</string>
			<key>sourceTree</key>
			<string>&lt;group&gt;</string>
		</dict>
		<key>0C545FD61E49AEAA004225E7</key>
		<dict>
			<key>fileRef</key>
			<string>0C545FD51E49AEAA004225E7</string>
			<key>isa</key>
			<string>PBXBuildFile</string>
		</dict>
		<key>0C545FD71E49BCA1004225E7</key>
		<dict>
			<key>isa</key>
			<string>PBXFileReference</string>
			<key>lastKnownFileType</key>
			<string>wrapper.framework</string>
			<key>name</key>
			<string>Moya.framework</string>
			<key>path</key>
			<string>Carthage/Build/iOS/Moya.framework</string>
			<key>sourceTree</key>
			<string>&lt;group&gt;</string>
		</dict>
		<key>0C545FD81E49BCA1004225E7</key>
		<dict>
			<key>fileRef</key>
			<string>0C545FD71E49BCA1004225E7</string>
			<key>isa</key>
			<string>PBXBuildFile</string>
		</dict>
		<key>0C545FD91E49CF75004225E7</key>
		<dict>
			<key>isa</key>
			<string>PBXFileReference</string>
			<key>lastKnownFileType</key>
			<string>wrapper.framework</string>
			<key>name</key>
			<string>Alamofire.framework</string>
			<key>path</key>
			<string>Carthage/Build/iOS/Alamofire.framework</string>
			<key>sourceTree</key>
			<string>&lt;group&gt;</string>
		</dict>
		<key>0C545FDA1E49CF75004225E7</key>
		<dict>
			<key>fileRef</key>
			<string>0C545FD91E49CF75004225E7</string>
			<key>isa</key>
			<string>PBXBuildFile</string>
		</dict>
		<key>0C545FDB1E49DDB5004225E7</key>
		<dict>
			<key>isa</key>
			<string>PBXFileReference</string>
			<key>lastKnownFileType</key>
			<string>wrapper.framework</string>
			<key>name</key>
			<string>Result.framework</string>
			<key>path</key>
			<string>Carthage/Build/iOS/Result.framework</string>
			<key>sourceTree</key>
			<string>&lt;group&gt;</string>
		</dict>
		<key>0C545FDC1E49DDB5004225E7</key>
		<dict>
			<key>fileRef</key>
			<string>0C545FDB1E49DDB5004225E7</string>
			<key>isa</key>
			<string>PBXBuildFile</string>
		</dict>
		<key>0C9BE17D1E481B580092439B</key>
		<dict>
			<key>children</key>
			<array>
				<string>0C5409441E5C7B9B004984CE</string>
				<string>0C0AA8F51E52AAD1008B4B00</string>
				<string>0C1A95F21E4EC7E500B03F12</string>
				<string>0C1A95F31E4EC7E500B03F12</string>
				<string>0C1A95B91E4B5E5300B03F12</string>
				<string>0C1A95B71E4B518500B03F12</string>
				<string>0C1A95B51E4B456200B03F12</string>
				<string>0C545FDB1E49DDB5004225E7</string>
				<string>0C545FD91E49CF75004225E7</string>
				<string>0C545FD71E49BCA1004225E7</string>
				<string>0C545FCE1E48AFB1004225E7</string>
				<string>0C9BE17E1E481B580092439B</string>
				<string>0C9BE17F1E481B580092439B</string>
				<string>0c25ed4e90875cbf6e4dd15c</string>
				<string>bea15760a047c1dd573eee03</string>
			</array>
			<key>isa</key>
			<string>PBXGroup</string>
			<key>name</key>
			<string>Frameworks</string>
			<key>path</key>
			<string></string>
			<key>sourceTree</key>
			<string>&lt;group&gt;</string>
		</dict>
		<key>0C9BE17E1E481B580092439B</key>
		<dict>
			<key>isa</key>
			<string>PBXFileReference</string>
			<key>lastKnownFileType</key>
			<string>wrapper.framework</string>
			<key>name</key>
			<string>Cely.framework</string>
			<key>path</key>
			<string>Carthage/Build/iOS/Cely.framework</string>
			<key>sourceTree</key>
			<string>&lt;group&gt;</string>
		</dict>
		<key>0C9BE17F1E481B580092439B</key>
		<dict>
			<key>isa</key>
			<string>PBXFileReference</string>
			<key>lastKnownFileType</key>
			<string>wrapper.framework</string>
			<key>name</key>
			<string>Locksmith.framework</string>
			<key>path</key>
			<string>Carthage/Build/iOS/Locksmith.framework</string>
			<key>sourceTree</key>
			<string>&lt;group&gt;</string>
		</dict>
		<key>0C9BE1801E481B580092439B</key>
		<dict>
			<key>fileRef</key>
			<string>0C9BE17E1E481B580092439B</string>
			<key>isa</key>
			<string>PBXBuildFile</string>
		</dict>
		<key>0C9BE1811E481B580092439B</key>
		<dict>
			<key>fileRef</key>
			<string>0C9BE17F1E481B580092439B</string>
			<key>isa</key>
			<string>PBXBuildFile</string>
		</dict>
		<key>0C9BE1821E481C0B0092439B</key>
		<dict>
			<key>buildActionMask</key>
			<string>2147483647</string>
			<key>files</key>
			<array/>
			<key>inputPaths</key>
			<array>
				<string>$(SRCROOT)/Carthage/Build/iOS/Cely.framework</string>
				<string>$(SRCROOT)/Carthage/Build/iOS/Locksmith.framework</string>
				<string>$(SRCROOT)/Carthage/Build/iOS/FontAwesome.framework</string>
				<string>$(SRCROOT)/Carthage/Build/iOS/Moya.framework</string>
				<string>$(SRCROOT)/Carthage/Build/iOS/Alamofire.framework</string>
				<string>$(SRCROOT)/Carthage/Build/iOS/Result.framework</string>
				<string>$(SRCROOT)/Carthage/Build/iOS/Argo.framework</string>
				<string>$(SRCROOT)/Carthage/Build/iOS/Runes.framework</string>
				<string>$(SRCROOT)/Carthage/Build/iOS/Curry.framework</string>
				<string>$(SRCROOT)/Carthage/Build/iOS/Quick.framework</string>
				<string>$(SRCROOT)/Carthage/Build/iOS/Nimble.framework</string>
				<string>$(SRCROOT)/Carthage/Build/iOS/Typhoon.framework</string>
			</array>
			<key>isa</key>
			<string>PBXShellScriptBuildPhase</string>
			<key>name</key>
			<string>Run Script</string>
			<key>outputPaths</key>
			<array/>
			<key>runOnlyForDeploymentPostprocessing</key>
			<string>0</string>
			<key>shellPath</key>
			<string>/bin/sh</string>
			<key>shellScript</key>
			<string>/usr/local/bin/carthage copy-frameworks</string>
		</dict>
		<key>0C9BE1831E481D000092439B</key>
		<dict>
			<key>fileEncoding</key>
			<string>4</string>
			<key>isa</key>
			<string>PBXFileReference</string>
			<key>lastKnownFileType</key>
			<string>sourcecode.swift</string>
			<key>path</key>
			<string>User.swift</string>
			<key>sourceTree</key>
			<string>&lt;group&gt;</string>
		</dict>
		<key>0C9BE1841E481D000092439B</key>
		<dict>
			<key>fileRef</key>
			<string>0C9BE1831E481D000092439B</string>
			<key>isa</key>
			<string>PBXBuildFile</string>
		</dict>
		<key>0CC744AB1E2C6781007EC830</key>
		<dict>
			<key>children</key>
			<array>
				<string>0C1A95CC1E4EC76100B03F12</string>
				<string>0C545FC81E4869AC004225E7</string>
				<string>0CC744B61E2C6781007EC830</string>
				<string>0C0AA8EA1E52AAAE008B4B00</string>
				<string>0CC744B51E2C6781007EC830</string>
				<string>0C9BE17D1E481B580092439B</string>
			</array>
			<key>isa</key>
			<string>PBXGroup</string>
			<key>sourceTree</key>
			<string>&lt;group&gt;</string>
		</dict>
		<key>0CC744AC1E2C6781007EC830</key>
		<dict>
			<key>attributes</key>
			<dict>
				<key>LastSwiftUpdateCheck</key>
				<string>0820</string>
				<key>LastUpgradeCheck</key>
				<string>0820</string>
				<key>ORGANIZATIONNAME</key>
				<string>odd-e</string>
				<key>TargetAttributes</key>
				<dict>
					<key>0C0AA8E81E52AAAE008B4B00</key>
					<dict>
						<key>CreatedOnToolsVersion</key>
						<string>8.2.1</string>
						<key>ProvisioningStyle</key>
						<string>Automatic</string>
						<key>TestTargetID</key>
						<string>0CC744B31E2C6781007EC830</string>
					</dict>
					<key>0CC744B31E2C6781007EC830</key>
					<dict>
						<key>CreatedOnToolsVersion</key>
						<string>8.2.1</string>
						<key>ProvisioningStyle</key>
						<string>Automatic</string>
					</dict>
				</dict>
			</dict>
			<key>buildConfigurationList</key>
			<string>0CC744AF1E2C6781007EC830</string>
			<key>compatibilityVersion</key>
			<string>Xcode 3.2</string>
			<key>developmentRegion</key>
			<string>English</string>
			<key>hasScannedForEncodings</key>
			<string>0</string>
			<key>isa</key>
			<string>PBXProject</string>
			<key>knownRegions</key>
			<array>
				<string>en</string>
				<string>Base</string>
			</array>
			<key>mainGroup</key>
			<string>0CC744AB1E2C6781007EC830</string>
			<key>productRefGroup</key>
			<string>0CC744B51E2C6781007EC830</string>
			<key>projectDirPath</key>
			<string></string>
			<key>projectRoot</key>
			<string></string>
			<key>targets</key>
			<array>
				<string>0CC744B31E2C6781007EC830</string>
				<string>0C0AA8E81E52AAAE008B4B00</string>
				<string>2828cc74a5aa09f053825d8f</string>
			</array>
		</dict>
		<key>0CC744AF1E2C6781007EC830</key>
		<dict>
			<key>buildConfigurations</key>
			<array>
				<string>0CC744C61E2C6781007EC830</string>
				<string>0CC744C71E2C6781007EC830</string>
			</array>
			<key>defaultConfigurationIsVisible</key>
			<string>0</string>
			<key>defaultConfigurationName</key>
			<string>Release</string>
			<key>isa</key>
			<string>XCConfigurationList</string>
		</dict>
		<key>0CC744B01E2C6781007EC830</key>
		<dict>
			<key>buildActionMask</key>
			<string>2147483647</string>
			<key>files</key>
			<array>
				<string>0C545FC71E486598004225E7</string>
				<string>0C0AA9011E52B892008B4B00</string>
				<string>0C0AA8FE1E52B81B008B4B00</string>
				<string>0C1A95C61E4D936D00B03F12</string>
				<string>0C545FD41E499FD0004225E7</string>
				<string>0C9BE1841E481D000092439B</string>
				<string>0C1A95B21E4B0CAB00B03F12</string>
				<string>0C1A95C81E4DF1AE00B03F12</string>
				<string>0C545FD21E48B18F004225E7</string>
				<string>0C1A95CA1E4E01FC00B03F12</string>
				<string>0CC744B81E2C6781007EC830</string>
				<string>0C545FD61E49AEAA004225E7</string>
				<string>0CC744BA1E2C6781007EC830</string>
				<string>EBC6D92F1E3A9DBB80672EB7</string>
			</array>
			<key>isa</key>
			<string>PBXSourcesBuildPhase</string>
			<key>runOnlyForDeploymentPostprocessing</key>
			<string>0</string>
		</dict>
		<key>0CC744B11E2C6781007EC830</key>
		<dict>
			<key>buildActionMask</key>
			<string>2147483647</string>
			<key>files</key>
			<array>
				<string>0C9BE1801E481B580092439B</string>
				<string>0C9BE1811E481B580092439B</string>
				<string>0C545FD01E48B052004225E7</string>
				<string>0C545FD81E49BCA1004225E7</string>
				<string>0C545FDA1E49CF75004225E7</string>
				<string>0C545FDC1E49DDB5004225E7</string>
				<string>0C1A95B61E4B456200B03F12</string>
				<string>0C1A95B81E4B518500B03F12</string>
				<string>0C1A95BA1E4B5E5300B03F12</string>
				<string>0C5409451E5C7B9B004984CE</string>
			</array>
			<key>isa</key>
			<string>PBXFrameworksBuildPhase</string>
			<key>runOnlyForDeploymentPostprocessing</key>
			<string>0</string>
		</dict>
		<key>0CC744B21E2C6781007EC830</key>
		<dict>
			<key>buildActionMask</key>
			<string>2147483647</string>
			<key>files</key>
			<array>
				<string>0CC744C41E2C6781007EC830</string>
				<string>0CC744C11E2C6781007EC830</string>
				<string>0C1A95CD1E4EC76100B03F12</string>
				<string>0C545FC91E4869AC004225E7</string>
				<string>0CC744BF1E2C6781007EC830</string>
			</array>
			<key>isa</key>
			<string>PBXResourcesBuildPhase</string>
			<key>runOnlyForDeploymentPostprocessing</key>
			<string>0</string>
		</dict>
		<key>0CC744B31E2C6781007EC830</key>
		<dict>
			<key>buildConfigurationList</key>
			<string>0CC744C81E2C6781007EC830</string>
			<key>buildPhases</key>
			<array>
				<string>0CC744B01E2C6781007EC830</string>
				<string>0CC744B11E2C6781007EC830</string>
				<string>0CC744B21E2C6781007EC830</string>
				<string>0C9BE1821E481C0B0092439B</string>
			</array>
			<key>buildRules</key>
			<array/>
			<key>dependencies</key>
			<array/>
			<key>isa</key>
			<string>PBXNativeTarget</string>
			<key>name</key>
			<string>bbuddy</string>
			<key>productName</key>
			<string>bbuddy</string>
			<key>productReference</key>
			<string>0CC744B41E2C6781007EC830</string>
			<key>productType</key>
			<string>com.apple.product-type.application</string>
		</dict>
		<key>0CC744B41E2C6781007EC830</key>
		<dict>
			<key>explicitFileType</key>
			<string>wrapper.application</string>
			<key>includeInIndex</key>
			<string>0</string>
			<key>isa</key>
			<string>PBXFileReference</string>
			<key>path</key>
			<string>bbuddy.app</string>
			<key>sourceTree</key>
			<string>BUILT_PRODUCTS_DIR</string>
		</dict>
		<key>0CC744B51E2C6781007EC830</key>
		<dict>
			<key>children</key>
			<array>
				<string>0CC744B41E2C6781007EC830</string>
				<string>0C0AA8E91E52AAAE008B4B00</string>
			</array>
			<key>isa</key>
			<string>PBXGroup</string>
			<key>name</key>
			<string>Products</string>
			<key>sourceTree</key>
			<string>&lt;group&gt;</string>
		</dict>
		<key>0CC744B61E2C6781007EC830</key>
		<dict>
			<key>children</key>
			<array>
				<string>0C0AA8FF1E52B87C008B4B00</string>
				<string>0C0AA8FC1E52B74A008B4B00</string>
				<string>0CC744B71E2C6781007EC830</string>
				<string>0CC744B91E2C6781007EC830</string>
				<string>0C545FD51E49AEAA004225E7</string>
				<string>0C1A95C91E4E01FC00B03F12</string>
				<string>0C1A95C71E4DF1AE00B03F12</string>
				<string>0CC744BD1E2C6781007EC830</string>
				<string>0C1A95C51E4D936D00B03F12</string>
				<string>0C1A95B11E4B0CAB00B03F12</string>
				<string>0C545FD31E499FD0004225E7</string>
				<string>0C545FD11E48B18F004225E7</string>
				<string>0C545FC61E486598004225E7</string>
				<string>0CC744C01E2C6781007EC830</string>
				<string>0CC744C21E2C6781007EC830</string>
				<string>0CC744C51E2C6781007EC830</string>
				<string>0C9BE1831E481D000092439B</string>
			</array>
			<key>isa</key>
			<string>PBXGroup</string>
			<key>path</key>
			<string>bbuddy</string>
			<key>sourceTree</key>
			<string>&lt;group&gt;</string>
		</dict>
		<key>0CC744B71E2C6781007EC830</key>
		<dict>
			<key>isa</key>
			<string>PBXFileReference</string>
			<key>lastKnownFileType</key>
			<string>sourcecode.swift</string>
			<key>path</key>
			<string>AppDelegate.swift</string>
			<key>sourceTree</key>
			<string>&lt;group&gt;</string>
		</dict>
		<key>0CC744B81E2C6781007EC830</key>
		<dict>
			<key>fileRef</key>
			<string>0CC744B71E2C6781007EC830</string>
			<key>isa</key>
			<string>PBXBuildFile</string>
		</dict>
		<key>0CC744B91E2C6781007EC830</key>
		<dict>
			<key>isa</key>
			<string>PBXFileReference</string>
			<key>lastKnownFileType</key>
			<string>sourcecode.swift</string>
			<key>path</key>
			<string>DashboardViewController.swift</string>
			<key>sourceTree</key>
			<string>&lt;group&gt;</string>
		</dict>
		<key>0CC744BA1E2C6781007EC830</key>
		<dict>
			<key>fileRef</key>
			<string>0CC744B91E2C6781007EC830</string>
			<key>isa</key>
			<string>PBXBuildFile</string>
		</dict>
		<key>0CC744BD1E2C6781007EC830</key>
		<dict>
			<key>children</key>
			<array>
				<string>0CC744BE1E2C6781007EC830</string>
			</array>
			<key>isa</key>
			<string>PBXVariantGroup</string>
			<key>name</key>
			<string>Main.storyboard</string>
			<key>sourceTree</key>
			<string>&lt;group&gt;</string>
		</dict>
		<key>0CC744BE1E2C6781007EC830</key>
		<dict>
			<key>isa</key>
			<string>PBXFileReference</string>
			<key>lastKnownFileType</key>
			<string>file.storyboard</string>
			<key>name</key>
			<string>Base</string>
			<key>path</key>
			<string>Base.lproj/Main.storyboard</string>
			<key>sourceTree</key>
			<string>&lt;group&gt;</string>
		</dict>
		<key>0CC744BF1E2C6781007EC830</key>
		<dict>
			<key>fileRef</key>
			<string>0CC744BD1E2C6781007EC830</string>
			<key>isa</key>
			<string>PBXBuildFile</string>
		</dict>
		<key>0CC744C01E2C6781007EC830</key>
		<dict>
			<key>isa</key>
			<string>PBXFileReference</string>
			<key>lastKnownFileType</key>
			<string>folder.assetcatalog</string>
			<key>path</key>
			<string>Assets.xcassets</string>
			<key>sourceTree</key>
			<string>&lt;group&gt;</string>
		</dict>
		<key>0CC744C11E2C6781007EC830</key>
		<dict>
			<key>fileRef</key>
			<string>0CC744C01E2C6781007EC830</string>
			<key>isa</key>
			<string>PBXBuildFile</string>
		</dict>
		<key>0CC744C21E2C6781007EC830</key>
		<dict>
			<key>children</key>
			<array>
				<string>0CC744C31E2C6781007EC830</string>
			</array>
			<key>isa</key>
			<string>PBXVariantGroup</string>
			<key>name</key>
			<string>LaunchScreen.storyboard</string>
			<key>sourceTree</key>
			<string>&lt;group&gt;</string>
		</dict>
		<key>0CC744C31E2C6781007EC830</key>
		<dict>
			<key>isa</key>
			<string>PBXFileReference</string>
			<key>lastKnownFileType</key>
			<string>file.storyboard</string>
			<key>name</key>
			<string>Base</string>
			<key>path</key>
			<string>Base.lproj/LaunchScreen.storyboard</string>
			<key>sourceTree</key>
			<string>&lt;group&gt;</string>
		</dict>
		<key>0CC744C41E2C6781007EC830</key>
		<dict>
			<key>fileRef</key>
			<string>0CC744C21E2C6781007EC830</string>
			<key>isa</key>
			<string>PBXBuildFile</string>
		</dict>
		<key>0CC744C51E2C6781007EC830</key>
		<dict>
			<key>isa</key>
			<string>PBXFileReference</string>
			<key>lastKnownFileType</key>
			<string>text.plist.xml</string>
			<key>path</key>
			<string>Info.plist</string>
			<key>sourceTree</key>
			<string>&lt;group&gt;</string>
		</dict>
		<key>0CC744C61E2C6781007EC830</key>
		<dict>
			<key>buildSettings</key>
			<dict>
				<key>ALWAYS_SEARCH_USER_PATHS</key>
				<string>NO</string>
				<key>CLANG_ANALYZER_NONNULL</key>
				<string>YES</string>
				<key>CLANG_CXX_LANGUAGE_STANDARD</key>
				<string>gnu++0x</string>
				<key>CLANG_CXX_LIBRARY</key>
				<string>libc++</string>
				<key>CLANG_ENABLE_MODULES</key>
				<string>YES</string>
				<key>CLANG_ENABLE_OBJC_ARC</key>
				<string>YES</string>
				<key>CLANG_WARN_BOOL_CONVERSION</key>
				<string>YES</string>
				<key>CLANG_WARN_CONSTANT_CONVERSION</key>
				<string>YES</string>
				<key>CLANG_WARN_DIRECT_OBJC_ISA_USAGE</key>
				<string>YES_ERROR</string>
				<key>CLANG_WARN_DOCUMENTATION_COMMENTS</key>
				<string>YES</string>
				<key>CLANG_WARN_EMPTY_BODY</key>
				<string>YES</string>
				<key>CLANG_WARN_ENUM_CONVERSION</key>
				<string>YES</string>
				<key>CLANG_WARN_INFINITE_RECURSION</key>
				<string>YES</string>
				<key>CLANG_WARN_INT_CONVERSION</key>
				<string>YES</string>
				<key>CLANG_WARN_OBJC_ROOT_CLASS</key>
				<string>YES_ERROR</string>
				<key>CLANG_WARN_SUSPICIOUS_MOVE</key>
				<string>YES</string>
				<key>CLANG_WARN_UNREACHABLE_CODE</key>
				<string>YES</string>
				<key>CLANG_WARN__DUPLICATE_METHOD_MATCH</key>
				<string>YES</string>
				<key>CODE_SIGN_IDENTITY[sdk=iphoneos*]</key>
				<string>iPhone Developer</string>
				<key>COPY_PHASE_STRIP</key>
				<string>NO</string>
				<key>DEBUG_INFORMATION_FORMAT</key>
				<string>dwarf</string>
				<key>DEFINES_MODULE</key>
				<string>YES</string>
				<key>ENABLE_STRICT_OBJC_MSGSEND</key>
				<string>YES</string>
				<key>ENABLE_TESTABILITY</key>
				<string>YES</string>
				<key>GCC_C_LANGUAGE_STANDARD</key>
				<string>gnu99</string>
				<key>GCC_DYNAMIC_NO_PIC</key>
				<string>NO</string>
				<key>GCC_NO_COMMON_BLOCKS</key>
				<string>YES</string>
				<key>GCC_OPTIMIZATION_LEVEL</key>
				<string>0</string>
				<key>GCC_PREPROCESSOR_DEFINITIONS</key>
				<array>
					<string>DEBUG=1</string>
					<string>$(inherited)</string>
				</array>
				<key>GCC_WARN_64_TO_32_BIT_CONVERSION</key>
				<string>YES</string>
				<key>GCC_WARN_ABOUT_RETURN_TYPE</key>
				<string>YES_ERROR</string>
				<key>GCC_WARN_UNDECLARED_SELECTOR</key>
				<string>YES</string>
				<key>GCC_WARN_UNINITIALIZED_AUTOS</key>
				<string>YES_AGGRESSIVE</string>
				<key>GCC_WARN_UNUSED_FUNCTION</key>
				<string>YES</string>
				<key>GCC_WARN_UNUSED_VARIABLE</key>
				<string>YES</string>
				<key>IPHONEOS_DEPLOYMENT_TARGET</key>
				<string>10.2</string>
				<key>MTL_ENABLE_DEBUG_INFO</key>
				<string>YES</string>
				<key>ONLY_ACTIVE_ARCH</key>
				<string>YES</string>
				<key>SDKROOT</key>
				<string>iphoneos</string>
				<key>SWIFT_ACTIVE_COMPILATION_CONDITIONS</key>
				<string>DEBUG</string>
				<key>SWIFT_OPTIMIZATION_LEVEL</key>
				<string>-Onone</string>
				<key>TARGETED_DEVICE_FAMILY</key>
				<string>1,2</string>
			</dict>
			<key>isa</key>
			<string>XCBuildConfiguration</string>
			<key>name</key>
			<string>Debug</string>
		</dict>
		<key>0CC744C71E2C6781007EC830</key>
		<dict>
			<key>buildSettings</key>
			<dict>
				<key>ALWAYS_SEARCH_USER_PATHS</key>
				<string>NO</string>
				<key>CLANG_ANALYZER_NONNULL</key>
				<string>YES</string>
				<key>CLANG_CXX_LANGUAGE_STANDARD</key>
				<string>gnu++0x</string>
				<key>CLANG_CXX_LIBRARY</key>
				<string>libc++</string>
				<key>CLANG_ENABLE_MODULES</key>
				<string>YES</string>
				<key>CLANG_ENABLE_OBJC_ARC</key>
				<string>YES</string>
				<key>CLANG_WARN_BOOL_CONVERSION</key>
				<string>YES</string>
				<key>CLANG_WARN_CONSTANT_CONVERSION</key>
				<string>YES</string>
				<key>CLANG_WARN_DIRECT_OBJC_ISA_USAGE</key>
				<string>YES_ERROR</string>
				<key>CLANG_WARN_DOCUMENTATION_COMMENTS</key>
				<string>YES</string>
				<key>CLANG_WARN_EMPTY_BODY</key>
				<string>YES</string>
				<key>CLANG_WARN_ENUM_CONVERSION</key>
				<string>YES</string>
				<key>CLANG_WARN_INFINITE_RECURSION</key>
				<string>YES</string>
				<key>CLANG_WARN_INT_CONVERSION</key>
				<string>YES</string>
				<key>CLANG_WARN_OBJC_ROOT_CLASS</key>
				<string>YES_ERROR</string>
				<key>CLANG_WARN_SUSPICIOUS_MOVE</key>
				<string>YES</string>
				<key>CLANG_WARN_UNREACHABLE_CODE</key>
				<string>YES</string>
				<key>CLANG_WARN__DUPLICATE_METHOD_MATCH</key>
				<string>YES</string>
				<key>CODE_SIGN_IDENTITY[sdk=iphoneos*]</key>
				<string>iPhone Developer</string>
				<key>COPY_PHASE_STRIP</key>
				<string>NO</string>
				<key>DEBUG_INFORMATION_FORMAT</key>
				<string>dwarf-with-dsym</string>
				<key>DEFINES_MODULE</key>
				<string>YES</string>
				<key>ENABLE_NS_ASSERTIONS</key>
				<string>NO</string>
				<key>ENABLE_STRICT_OBJC_MSGSEND</key>
				<string>YES</string>
				<key>GCC_C_LANGUAGE_STANDARD</key>
				<string>gnu99</string>
				<key>GCC_NO_COMMON_BLOCKS</key>
				<string>YES</string>
				<key>GCC_WARN_64_TO_32_BIT_CONVERSION</key>
				<string>YES</string>
				<key>GCC_WARN_ABOUT_RETURN_TYPE</key>
				<string>YES_ERROR</string>
				<key>GCC_WARN_UNDECLARED_SELECTOR</key>
				<string>YES</string>
				<key>GCC_WARN_UNINITIALIZED_AUTOS</key>
				<string>YES_AGGRESSIVE</string>
				<key>GCC_WARN_UNUSED_FUNCTION</key>
				<string>YES</string>
				<key>GCC_WARN_UNUSED_VARIABLE</key>
				<string>YES</string>
				<key>IPHONEOS_DEPLOYMENT_TARGET</key>
				<string>10.2</string>
				<key>MTL_ENABLE_DEBUG_INFO</key>
				<string>NO</string>
				<key>SDKROOT</key>
				<string>iphoneos</string>
				<key>SWIFT_OPTIMIZATION_LEVEL</key>
				<string>-Owholemodule</string>
				<key>TARGETED_DEVICE_FAMILY</key>
				<string>1,2</string>
				<key>VALIDATE_PRODUCT</key>
				<string>YES</string>
			</dict>
			<key>isa</key>
			<string>XCBuildConfiguration</string>
			<key>name</key>
			<string>Release</string>
		</dict>
		<key>0CC744C81E2C6781007EC830</key>
		<dict>
			<key>buildConfigurations</key>
			<array>
				<string>0CC744C91E2C6781007EC830</string>
				<string>0CC744CA1E2C6781007EC830</string>
			</array>
			<key>defaultConfigurationIsVisible</key>
			<string>0</string>
			<key>defaultConfigurationName</key>
			<string>Release</string>
			<key>isa</key>
			<string>XCConfigurationList</string>
		</dict>
		<key>0CC744C91E2C6781007EC830</key>
		<dict>
			<key>buildSettings</key>
			<dict>
				<key>ASSETCATALOG_COMPILER_APPICON_NAME</key>
				<string>AppIcon</string>
				<key>FRAMEWORK_SEARCH_PATHS</key>
				<array>
					<string>$(inherited)</string>
					<string>$(PROJECT_DIR)/Carthage/Build/iOS</string>
				</array>
				<key>INFOPLIST_FILE</key>
				<string>bbuddy/Info.plist</string>
				<key>LD_RUNPATH_SEARCH_PATHS</key>
				<string>$(inherited) @executable_path/Frameworks</string>
				<key>PRODUCT_BUNDLE_IDENTIFIER</key>
				<string>odd-e.bbuddy</string>
				<key>PRODUCT_NAME</key>
				<string>$(TARGET_NAME)</string>
				<key>SWIFT_VERSION</key>
				<string>3.0</string>
			</dict>
			<key>isa</key>
			<string>XCBuildConfiguration</string>
			<key>name</key>
			<string>Debug</string>
		</dict>
		<key>0CC744CA1E2C6781007EC830</key>
		<dict>
			<key>buildSettings</key>
			<dict>
				<key>ASSETCATALOG_COMPILER_APPICON_NAME</key>
				<string>AppIcon</string>
				<key>FRAMEWORK_SEARCH_PATHS</key>
				<array>
					<string>$(inherited)</string>
					<string>$(PROJECT_DIR)/Carthage/Build/iOS</string>
				</array>
				<key>INFOPLIST_FILE</key>
				<string>bbuddy/Info.plist</string>
				<key>LD_RUNPATH_SEARCH_PATHS</key>
				<string>$(inherited) @executable_path/Frameworks</string>
				<key>PRODUCT_BUNDLE_IDENTIFIER</key>
				<string>odd-e.bbuddy</string>
				<key>PRODUCT_NAME</key>
				<string>$(TARGET_NAME)</string>
				<key>SWIFT_VERSION</key>
				<string>3.0</string>
			</dict>
			<key>isa</key>
			<string>XCBuildConfiguration</string>
			<key>name</key>
			<string>Release</string>
		</dict>
		<key>0c25ed4e90875cbf6e4dd15c</key>
		<dict>
			<key>fileEncoding</key>
			<string>4</string>
			<key>isa</key>
			<string>PBXFileReference</string>
			<key>lastKnownFileType</key>
			<string>wrapper.framework</string>
			<key>name</key>
			<string>CFNetwork.framework</string>
			<key>path</key>
			<string>System/Library/Frameworks/CFNetwork.framework</string>
			<key>sourceTree</key>
			<string>SDKROOT</string>
		</dict>
		<key>14845eab1faa2b1528a538ff</key>
		<dict>
			<key>fileRef</key>
			<string>0C1A95B91E4B5E5300B03F12</string>
			<key>isa</key>
			<string>PBXBuildFile</string>
		</dict>
		<key>19fe892539bc4e20dfcc9d20</key>
		<dict>
			<key>fileRef</key>
			<string>0C1A95C91E4E01FC00B03F12</string>
			<key>isa</key>
			<string>PBXBuildFile</string>
		</dict>
		<key>1aaa640a5e8a803c5bd0a4b3</key>
		<dict>
			<key>buildActionMask</key>
			<string>2147483647</string>
			<key>files</key>
			<array/>
			<key>inputPaths</key>
			<array>
				<string>$(SRCROOT)/Carthage/Build/iOS/Cely.framework</string>
				<string>$(SRCROOT)/Carthage/Build/iOS/Locksmith.framework</string>
				<string>$(SRCROOT)/Carthage/Build/iOS/FontAwesome.framework</string>
				<string>$(SRCROOT)/Carthage/Build/iOS/Moya.framework</string>
				<string>$(SRCROOT)/Carthage/Build/iOS/Alamofire.framework</string>
				<string>$(SRCROOT)/Carthage/Build/iOS/Result.framework</string>
				<string>$(SRCROOT)/Carthage/Build/iOS/Argo.framework</string>
				<string>$(SRCROOT)/Carthage/Build/iOS/Runes.framework</string>
				<string>$(SRCROOT)/Carthage/Build/iOS/Curry.framework</string>
				<string>$(SRCROOT)/Carthage/Build/iOS/Quick.framework</string>
				<string>$(SRCROOT)/Carthage/Build/iOS/Nimble.framework</string>
				<string>$(SRCROOT)/Carthage/Build/iOS/Typhoon.framework</string>
			</array>
			<key>isa</key>
			<string>PBXShellScriptBuildPhase</string>
			<key>name</key>
			<string>Run Script</string>
			<key>outputPaths</key>
			<array/>
			<key>runOnlyForDeploymentPostprocessing</key>
			<string>0</string>
			<key>shellPath</key>
			<string>/bin/sh</string>
			<key>shellScript</key>
			<string>/usr/local/bin/carthage copy-frameworks</string>
		</dict>
		<key>205aae8173c5872b778d7b37</key>
		<dict>
			<key>buildSettings</key>
			<dict>
				<key>ASSETCATALOG_COMPILER_APPICON_NAME</key>
				<string>AppIcon</string>
				<key>FRAMEWORK_SEARCH_PATHS</key>
				<array>
					<string>$(inherited)</string>
					<string>$(PROJECT_DIR)/Carthage/Build/iOS</string>
					<string>"$(SRCROOT)"</string>
				</array>
				<key>INFOPLIST_FILE</key>
				<string>bbuddy/Info.plist</string>
				<key>LD_RUNPATH_SEARCH_PATHS</key>
				<string>$(inherited) @executable_path/Frameworks</string>
				<key>OTHER_LDFLAGS</key>
				<array>
					<string>$(inherited)</string>
					<string>-force_load</string>
					<string>"$(SRCROOT)/calabash.framework/calabash"</string>
					<string>-lstdc++</string>
				</array>
				<key>PRODUCT_BUNDLE_IDENTIFIER</key>
				<string>odd-e.bbuddy</string>
				<key>PRODUCT_NAME</key>
				<string>$(TARGET_NAME)</string>
				<key>SWIFT_VERSION</key>
				<string>3.0</string>
			</dict>
			<key>isa</key>
			<string>XCBuildConfiguration</string>
			<key>name</key>
			<string>Release</string>
		</dict>
		<key>222da3d8b5e0d56287d188d0</key>
		<dict>
			<key>fileRef</key>
			<string>0C545FC61E486598004225E7</string>
			<key>isa</key>
			<string>PBXBuildFile</string>
		</dict>
		<key>2828cc74a5aa09f053825d8f</key>
		<dict>
			<key>buildConfigurationList</key>
			<string>58b15255060aa29ab652889f</string>
			<key>buildPhases</key>
			<array>
				<string>428e150750094a9d60573495</string>
				<string>dac6433789bf82b84e047dd0</string>
				<string>b6176d2df9cbfeadfdc06c4f</string>
				<string>1aaa640a5e8a803c5bd0a4b3</string>
			</array>
			<key>buildRules</key>
			<array/>
			<key>dependencies</key>
			<array/>
			<key>isa</key>
			<string>PBXNativeTarget</string>
			<key>name</key>
			<string>bbuddy-cal</string>
			<key>productName</key>
			<string>bbuddy-cal</string>
			<key>productReference</key>
			<string>c74029dffdd8f63dbb5f28b8</string>
			<key>productType</key>
			<string>com.apple.product-type.application</string>
		</dict>
		<key>3131414376c95da2afc8abae</key>
		<dict>
			<key>fileRef</key>
			<string>0C545FD91E49CF75004225E7</string>
			<key>isa</key>
			<string>PBXBuildFile</string>
		</dict>
		<key>3b36d6776f7471e62ad6f888</key>
		<dict>
			<key>fileRef</key>
			<string>0C1A95B11E4B0CAB00B03F12</string>
			<key>isa</key>
			<string>PBXBuildFile</string>
		</dict>
		<key>3e510212e53982c462fe5a9c</key>
		<dict>
			<key>fileRef</key>
			<string>0c25ed4e90875cbf6e4dd15c</string>
			<key>isa</key>
			<string>PBXBuildFile</string>
		</dict>
		<key>428e150750094a9d60573495</key>
		<dict>
			<key>buildActionMask</key>
			<string>2147483647</string>
			<key>files</key>
			<array>
				<string>222da3d8b5e0d56287d188d0</string>
				<string>da622fade7652e52dbf2b71d</string>
				<string>edfc7aef8db95c8815cf87e6</string>
				<string>e9a291d81e58a66016634989</string>
				<string>4b6dff9a17af16d320740a2c</string>
				<string>d027b996b58363eb1ee81e7e</string>
				<string>3b36d6776f7471e62ad6f888</string>
				<string>9342814f1996b9f368fa333e</string>
				<string>97e6243cf636338fd4194361</string>
				<string>19fe892539bc4e20dfcc9d20</string>
				<string>46518fc86a93bb32ca47da26</string>
				<string>f28f603fd97f30329dcb22f0</string>
				<string>440b96c67f742c7946d015ce</string>
				<string>e7782ee485bec12ee3d2425d</string>
			</array>
			<key>isa</key>
			<string>PBXSourcesBuildPhase</string>
			<key>runOnlyForDeploymentPostprocessing</key>
			<string>0</string>
		</dict>
		<key>440b96c67f742c7946d015ce</key>
		<dict>
			<key>fileRef</key>
			<string>0CC744B91E2C6781007EC830</string>
			<key>isa</key>
			<string>PBXBuildFile</string>
		</dict>
		<key>46518fc86a93bb32ca47da26</key>
		<dict>
			<key>fileRef</key>
			<string>0CC744B71E2C6781007EC830</string>
			<key>isa</key>
			<string>PBXBuildFile</string>
		</dict>
		<key>4a5f16eee44277aaf67b56b5</key>
		<dict>
			<key>fileRef</key>
			<string>0CC744C01E2C6781007EC830</string>
			<key>isa</key>
			<string>PBXBuildFile</string>
		</dict>
		<key>4b6dff9a17af16d320740a2c</key>
		<dict>
			<key>fileRef</key>
			<string>0C545FD31E499FD0004225E7</string>
			<key>isa</key>
			<string>PBXBuildFile</string>
		</dict>
		<key>58b15255060aa29ab652889f</key>
		<dict>
			<key>buildConfigurations</key>
			<array>
				<string>d51a059798a5585bb05469f9</string>
				<string>205aae8173c5872b778d7b37</string>
			</array>
			<key>defaultConfigurationIsVisible</key>
			<string>0</string>
			<key>defaultConfigurationName</key>
			<string>Release</string>
			<key>isa</key>
			<string>XCConfigurationList</string>
		</dict>
		<key>5d04e51e79e490518a5d94de</key>
		<dict>
			<key>fileRef</key>
			<string>0C545FCE1E48AFB1004225E7</string>
			<key>isa</key>
			<string>PBXBuildFile</string>
		</dict>
		<key>5f654fbd5db93c1c700ee626</key>
		<dict>
			<key>fileRef</key>
			<string>0CC744C21E2C6781007EC830</string>
			<key>isa</key>
			<string>PBXBuildFile</string>
		</dict>
		<key>6676919da9fd88c03e585bec</key>
		<dict>
			<key>fileRef</key>
			<string>0C5409441E5C7B9B004984CE</string>
			<key>isa</key>
			<string>PBXBuildFile</string>
		</dict>
		<key>6e7c6bd6e7e3896e7133a90c</key>
		<dict>
			<key>fileRef</key>
			<string>0C9BE17E1E481B580092439B</string>
			<key>isa</key>
			<string>PBXBuildFile</string>
		</dict>
		<key>7fb6243c66800b9d27ddd87a</key>
		<dict>
			<key>fileRef</key>
			<string>0C1A95B71E4B518500B03F12</string>
			<key>isa</key>
			<string>PBXBuildFile</string>
		</dict>
		<key>90a9536ef1f6fb2d9ca246d8</key>
		<dict>
			<key>fileRef</key>
			<string>bea15760a047c1dd573eee03</string>
			<key>isa</key>
			<string>PBXBuildFile</string>
		</dict>
		<key>9342814f1996b9f368fa333e</key>
		<dict>
			<key>fileRef</key>
			<string>0C1A95C71E4DF1AE00B03F12</string>
			<key>isa</key>
			<string>PBXBuildFile</string>
		</dict>
		<key>9550edf0700089223037f0ad</key>
		<dict>
			<key>fileRef</key>
			<string>0C545FD71E49BCA1004225E7</string>
			<key>isa</key>
			<string>PBXBuildFile</string>
		</dict>
		<key>97e6243cf636338fd4194361</key>
		<dict>
			<key>fileRef</key>
			<string>0C545FD11E48B18F004225E7</string>
			<key>isa</key>
			<string>PBXBuildFile</string>
		</dict>
		<key>99a31dfd06d6ec38a68b82bf</key>
		<dict>
			<key>fileRef</key>
			<string>0C1A95CC1E4EC76100B03F12</string>
			<key>isa</key>
			<string>PBXBuildFile</string>
		</dict>
		<key>EBC6D92F1E3A9DBB80672EB7</key>
		<dict>
			<key>fileRef</key>
			<string>EBC6DAB39A17406061B40971</string>
			<key>isa</key>
			<string>PBXBuildFile</string>
		</dict>
		<key>EBC6DAB39A17406061B40971</key>
		<dict>
			<key>fileEncoding</key>
			<string>4</string>
			<key>isa</key>
			<string>PBXFileReference</string>
			<key>lastKnownFileType</key>
			<string>sourcecode.swift</string>
			<key>path</key>
			<string>Accounts.model.swift</string>
			<key>sourceTree</key>
			<string>&lt;group&gt;</string>
		</dict>
		<key>aa823d3e52a3e8916a4f92d1</key>
		<dict>
			<key>fileRef</key>
			<string>0C545FC81E4869AC004225E7</string>
			<key>isa</key>
			<string>PBXBuildFile</string>
		</dict>
		<key>b010197f2148636eb5117101</key>
		<dict>
			<key>fileRef</key>
			<string>0CC744BD1E2C6781007EC830</string>
			<key>isa</key>
			<string>PBXBuildFile</string>
		</dict>
		<key>b5d555120dc4193d400737c6</key>
		<dict>
			<key>fileRef</key>
			<string>0C545FDB1E49DDB5004225E7</string>
			<key>isa</key>
			<string>PBXBuildFile</string>
		</dict>
		<key>b6176d2df9cbfeadfdc06c4f</key>
		<dict>
			<key>buildActionMask</key>
			<string>2147483647</string>
			<key>files</key>
			<array>
				<string>5f654fbd5db93c1c700ee626</string>
				<string>4a5f16eee44277aaf67b56b5</string>
				<string>99a31dfd06d6ec38a68b82bf</string>
				<string>aa823d3e52a3e8916a4f92d1</string>
				<string>b010197f2148636eb5117101</string>
			</array>
			<key>isa</key>
			<string>PBXResourcesBuildPhase</string>
			<key>runOnlyForDeploymentPostprocessing</key>
			<string>0</string>
		</dict>
		<key>bea15760a047c1dd573eee03</key>
		<dict>
			<key>fileEncoding</key>
			<string>4</string>
			<key>isa</key>
			<string>PBXFileReference</string>
			<key>lastKnownFileType</key>
			<string>wrapper.framework</string>
			<key>name</key>
			<string>calabash.framework</string>
			<key>path</key>
			<string>calabash.framework</string>
			<key>sourceTree</key>
			<string>&lt;group&gt;</string>
		</dict>
		<key>c74029dffdd8f63dbb5f28b8</key>
		<dict>
			<key>explicitFileType</key>
			<string>wrapper.application</string>
			<key>includeInIndex</key>
			<string>0</string>
			<key>isa</key>
			<string>PBXFileReference</string>
			<key>path</key>
			<string>bbuddy-cal.app</string>
			<key>sourceTree</key>
			<string>BUILT_PRODUCTS_DIR</string>
		</dict>
		<key>d027b996b58363eb1ee81e7e</key>
		<dict>
			<key>fileRef</key>
			<string>0C9BE1831E481D000092439B</string>
			<key>isa</key>
			<string>PBXBuildFile</string>
		</dict>
		<key>d51a059798a5585bb05469f9</key>
		<dict>
			<key>buildSettings</key>
			<dict>
				<key>ASSETCATALOG_COMPILER_APPICON_NAME</key>
				<string>AppIcon</string>
				<key>FRAMEWORK_SEARCH_PATHS</key>
				<array>
					<string>$(inherited)</string>
					<string>$(PROJECT_DIR)/Carthage/Build/iOS</string>
					<string>"$(SRCROOT)"</string>
				</array>
				<key>INFOPLIST_FILE</key>
				<string>bbuddy/Info.plist</string>
				<key>LD_RUNPATH_SEARCH_PATHS</key>
				<string>$(inherited) @executable_path/Frameworks</string>
				<key>OTHER_LDFLAGS</key>
				<array>
					<string>$(inherited)</string>
					<string>-force_load</string>
					<string>"$(SRCROOT)/calabash.framework/calabash"</string>
					<string>-lstdc++</string>
				</array>
				<key>PRODUCT_BUNDLE_IDENTIFIER</key>
				<string>odd-e.bbuddy</string>
				<key>PRODUCT_NAME</key>
				<string>$(TARGET_NAME)</string>
				<key>SWIFT_VERSION</key>
				<string>3.0</string>
			</dict>
			<key>isa</key>
			<string>XCBuildConfiguration</string>
			<key>name</key>
			<string>Debug</string>
		</dict>
		<key>da622fade7652e52dbf2b71d</key>
		<dict>
			<key>fileRef</key>
			<string>0C0AA9001E52B892008B4B00</string>
			<key>isa</key>
			<string>PBXBuildFile</string>
		</dict>
		<key>dac6433789bf82b84e047dd0</key>
		<dict>
			<key>buildActionMask</key>
			<string>2147483647</string>
			<key>files</key>
			<array>
				<string>6e7c6bd6e7e3896e7133a90c</string>
				<string>fd81016fdd01185f2e77459b</string>
				<string>5d04e51e79e490518a5d94de</string>
				<string>9550edf0700089223037f0ad</string>
				<string>3131414376c95da2afc8abae</string>
				<string>b5d555120dc4193d400737c6</string>
				<string>f88817582588c79513843b9b</string>
				<string>7fb6243c66800b9d27ddd87a</string>
				<string>14845eab1faa2b1528a538ff</string>
				<string>6676919da9fd88c03e585bec</string>
				<string>3e510212e53982c462fe5a9c</string>
				<string>90a9536ef1f6fb2d9ca246d8</string>
			</array>
			<key>isa</key>
			<string>PBXFrameworksBuildPhase</string>
			<key>runOnlyForDeploymentPostprocessing</key>
			<string>0</string>
		</dict>
		<key>e7782ee485bec12ee3d2425d</key>
		<dict>
			<key>fileRef</key>
			<string>EBC6DAB39A17406061B40971</string>
			<key>isa</key>
			<string>PBXBuildFile</string>
		</dict>
		<key>e9a291d81e58a66016634989</key>
		<dict>
			<key>fileRef</key>
			<string>0C1A95C51E4D936D00B03F12</string>
			<key>isa</key>
			<string>PBXBuildFile</string>
		</dict>
		<key>edfc7aef8db95c8815cf87e6</key>
		<dict>
			<key>fileRef</key>
			<string>0C0AA8FD1E52B81B008B4B00</string>
			<key>isa</key>
			<string>PBXBuildFile</string>
		</dict>
		<key>f28f603fd97f30329dcb22f0</key>
		<dict>
			<key>fileRef</key>
			<string>0C545FD51E49AEAA004225E7</string>
			<key>isa</key>
			<string>PBXBuildFile</string>
		</dict>
		<key>f88817582588c79513843b9b</key>
		<dict>
			<key>fileRef</key>
			<string>0C1A95B51E4B456200B03F12</string>
			<key>isa</key>
			<string>PBXBuildFile</string>
		</dict>
		<key>fd81016fdd01185f2e77459b</key>
		<dict>
			<key>fileRef</key>
			<string>0C9BE17F1E481B580092439B</string>
			<key>isa</key>
			<string>PBXBuildFile</string>
		</dict>
	</dict>
	<key>rootObject</key>
	<string>0CC744AC1E2C6781007EC830</string>
</dict>
</plist>
